// !$*UTF8*$!
{
	archiveVersion = 1;
	classes = {
	};
	objectVersion = 56;
	objects = {

/* Begin PBXBuildFile section */
		181C34AE2CD0E2A900259672 /* icon_logo@3x.png in Resources */ = {isa = PBXBuildFile; fileRef = 181C34A52CD0E2A900259672 /* icon_logo@3x.png */; };
		181C34AF2CD0E2A900259672 /* icon_back.png in Resources */ = {isa = PBXBuildFile; fileRef = 181C34A62CD0E2A900259672 /* icon_back.png */; };
		181C34B02CD0E2A900259672 /* icon_logo.png in Resources */ = {isa = PBXBuildFile; fileRef = 181C34A72CD0E2A900259672 /* icon_logo.png */; };
		181C34B12CD0E2A900259672 /* icon_logo@2x.png in Resources */ = {isa = PBXBuildFile; fileRef = 181C34A82CD0E2A900259672 /* icon_logo@2x.png */; };
		181C34B22CD0E2A900259672 /* icon_qrCode.png in Resources */ = {isa = PBXBuildFile; fileRef = 181C34A92CD0E2A900259672 /* icon_qrCode.png */; };
		181C34B32CD0E2A900259672 /* icon_qrCode@2x.png in Resources */ = {isa = PBXBuildFile; fileRef = 181C34AA2CD0E2A900259672 /* icon_qrCode@2x.png */; };
		181C34B42CD0E2A900259672 /* icon_back@2x.png in Resources */ = {isa = PBXBuildFile; fileRef = 181C34AB2CD0E2A900259672 /* icon_back@2x.png */; };
		181C34B52CD0E2A900259672 /* icon_back@3x.png in Resources */ = {isa = PBXBuildFile; fileRef = 181C34AC2CD0E2A900259672 /* icon_back@3x.png */; };
		181C34B62CD0E2A900259672 /* icon_qrCode@3x.png in Resources */ = {isa = PBXBuildFile; fileRef = 181C34AD2CD0E2A900259672 /* icon_qrCode@3x.png */; };
		1834CAFA2E13902400D2036C /* REWaterUniData.m in Sources */ = {isa = PBXBuildFile; fileRef = 1834CAF92E13902400D2036C /* REWaterUniData.m */; };
		1834CAFB2E13902400D2036C /* REWaterUniData.h in Headers */ = {isa = PBXBuildFile; fileRef = 1834CAF82E13902400D2036C /* REWaterUniData.h */; };
		1834CAFE2E13939100D2036C /* REExtrudeUniData.m in Sources */ = {isa = PBXBuildFile; fileRef = 1834CAFD2E13939100D2036C /* REExtrudeUniData.m */; };
		1834CAFF2E13939100D2036C /* REExtrudeUniData.h in Headers */ = {isa = PBXBuildFile; fileRef = 1834CAFC2E13939100D2036C /* REExtrudeUniData.h */; };
		1834CB4D2E1BAF7500D2036C /* REWebViewManager.m in Sources */ = {isa = PBXBuildFile; fileRef = 1834CB4C2E1BAF7500D2036C /* REWebViewManager.m */; };
		1834CB4E2E1BAF7500D2036C /* REWebViewManager.h in Headers */ = {isa = PBXBuildFile; fileRef = 1834CB4B2E1BAF7500D2036C /* REWebViewManager.h */; };
		1834CB502E1BAFCD00D2036C /* REAppUIClass.h in Headers */ = {isa = PBXBuildFile; fileRef = 1834CB4F2E1BAFCD00D2036C /* REAppUIClass.h */; };
		1834CB552E1BB1E000D2036C /* RESceneUniData.m in Sources */ = {isa = PBXBuildFile; fileRef = 1834CB542E1BB1E000D2036C /* RESceneUniData.m */; };
		1834CB562E1BB1E000D2036C /* RESceneUniData.h in Headers */ = {isa = PBXBuildFile; fileRef = 1834CB532E1BB1E000D2036C /* RESceneUniData.h */; };
		1834CB592E1BB29700D2036C /* RECamInfoUniData.m in Sources */ = {isa = PBXBuildFile; fileRef = 1834CB582E1BB29700D2036C /* RECamInfoUniData.m */; };
		1834CB5A2E1BB29700D2036C /* RECamInfoUniData.h in Headers */ = {isa = PBXBuildFile; fileRef = 1834CB572E1BB29700D2036C /* RECamInfoUniData.h */; };
		1834CB5D2E1BBF0800D2036C /* REModelUniData.m in Sources */ = {isa = PBXBuildFile; fileRef = 1834CB5C2E1BBF0800D2036C /* REModelUniData.m */; };
		1834CB5E2E1BBF0800D2036C /* REModelUniData.h in Headers */ = {isa = PBXBuildFile; fileRef = 1834CB5B2E1BBF0800D2036C /* REModelUniData.h */; };
		1834CB612E1BC02700D2036C /* REToolData.m in Sources */ = {isa = PBXBuildFile; fileRef = 1834CB602E1BC02700D2036C /* REToolData.m */; };
		1834CB622E1BC02700D2036C /* REToolData.h in Headers */ = {isa = PBXBuildFile; fileRef = 1834CB5F2E1BC02700D2036C /* REToolData.h */; };
		1834CB662E1BC91B00D2036C /* REToolHandle.m in Sources */ = {isa = PBXBuildFile; fileRef = 1834CB652E1BC91B00D2036C /* REToolHandle.m */; };
		1834CB672E1BC91B00D2036C /* REToolHandle.h in Headers */ = {isa = PBXBuildFile; fileRef = 1834CB642E1BC91B00D2036C /* REToolHandle.h */; };
		1851FC832CC8E7B200583FD8 /* RETip.m in Sources */ = {isa = PBXBuildFile; fileRef = 1851FC822CC8E7B200583FD8 /* RETip.m */; };
		1851FC842CC8E7B200583FD8 /* RETip.h in Headers */ = {isa = PBXBuildFile; fileRef = 1851FC812CC8E7B200583FD8 /* RETip.h */; };
		1851FC872CD0748300583FD8 /* RENav.m in Sources */ = {isa = PBXBuildFile; fileRef = 1851FC862CD0748300583FD8 /* RENav.m */; };
		1851FC882CD0748300583FD8 /* RENav.h in Headers */ = {isa = PBXBuildFile; fileRef = 1851FC852CD0748300583FD8 /* RENav.h */; };
		1851FC8B2CD0773D00583FD8 /* RENav.xib in Resources */ = {isa = PBXBuildFile; fileRef = 1851FC892CD074C400583FD8 /* RENav.xib */; };
		185ABDBA2CB781D5003263DA /* RELoadingView.m in Sources */ = {isa = PBXBuildFile; fileRef = 185ABDB92CB781D5003263DA /* RELoadingView.m */; };
		185ABDBB2CB781D5003263DA /* RELoadingView.h in Headers */ = {isa = PBXBuildFile; fileRef = 185ABDB82CB781D5003263DA /* RELoadingView.h */; };
		185ABDF82CB9091F003263DA /* icon_back_circle@3x.png in Resources */ = {isa = PBXBuildFile; fileRef = 185ABDF32CB9091F003263DA /* icon_back_circle@3x.png */; };
		185ABDF92CB9091F003263DA /* icon_back_circle@2x.png in Resources */ = {isa = PBXBuildFile; fileRef = 185ABDF42CB9091F003263DA /* icon_back_circle@2x.png */; };
		185ABDFA2CB9091F003263DA /* loading.gif in Resources */ = {isa = PBXBuildFile; fileRef = 185ABDF52CB9091F003263DA /* loading.gif */; };
		185ABDFB2CB9091F003263DA /* RELoadingView.xib in Resources */ = {isa = PBXBuildFile; fileRef = 185ABDF62CB9091F003263DA /* RELoadingView.xib */; };
		185ABDFC2CB9091F003263DA /* icon_back_circle.png in Resources */ = {isa = PBXBuildFile; fileRef = 185ABDF72CB9091F003263DA /* icon_back_circle.png */; };
		185ABE002CBA7BCB003263DA /* REUniPluginModulePrefix.pch in Headers */ = {isa = PBXBuildFile; fileRef = 185ABDFF2CBA7BCB003263DA /* REUniPluginModulePrefix.pch */; };
		187D32F82CD1DA72005DA0F5 /* REQRCode.m in Sources */ = {isa = PBXBuildFile; fileRef = 187D32F72CD1DA72005DA0F5 /* REQRCode.m */; };
		187D32F92CD1DA72005DA0F5 /* REQRCode.h in Headers */ = {isa = PBXBuildFile; fileRef = 187D32F62CD1DA72005DA0F5 /* REQRCode.h */; };
		187D32FE2CD1DD5A005DA0F5 /* REQRCode.xib in Resources */ = {isa = PBXBuildFile; fileRef = 187D32FC2CD1DB3F005DA0F5 /* REQRCode.xib */; };
		187D33042CD2103D005DA0F5 /* icon_blue_logo@3x.png in Resources */ = {isa = PBXBuildFile; fileRef = 187D33012CD2103C005DA0F5 /* icon_blue_logo@3x.png */; };
		187D33052CD2103D005DA0F5 /* icon_blue_logo@2x.png in Resources */ = {isa = PBXBuildFile; fileRef = 187D33022CD2103C005DA0F5 /* icon_blue_logo@2x.png */; };
		187D33062CD2103D005DA0F5 /* icon_blue_logo.png in Resources */ = {isa = PBXBuildFile; fileRef = 187D33032CD2103C005DA0F5 /* icon_blue_logo.png */; };
		189178472ECEC7AD00B88A94 /* REWebPopData.m in Sources */ = {isa = PBXBuildFile; fileRef = 189178462ECEC7AD00B88A94 /* REWebPopData.m */; };
		189178482ECEC7AD00B88A94 /* REWebPopData.h in Headers */ = {isa = PBXBuildFile; fileRef = 189178452ECEC7AD00B88A94 /* REWebPopData.h */; };
		1891784B2ECF010400B88A94 /* REBridgeData.h in Headers */ = {isa = PBXBuildFile; fileRef = 189178492ECF010400B88A94 /* REBridgeData.h */; };
		1891784C2ECF010400B88A94 /* REBridgeData.m in Sources */ = {isa = PBXBuildFile; fileRef = 1891784A2ECF010400B88A94 /* REBridgeData.m */; };
		1891784F2ED01ADD00B88A94 /* REBtnPlane.h in Headers */ = {isa = PBXBuildFile; fileRef = 1891784D2ED01ADD00B88A94 /* REBtnPlane.h */; };
		189178502ED01ADD00B88A94 /* REBtnPlane.m in Sources */ = {isa = PBXBuildFile; fileRef = 1891784E2ED01ADD00B88A94 /* REBtnPlane.m */; };
		189178522ED01AEF00B88A94 /* REBtnPlane.xib in Resources */ = {isa = PBXBuildFile; fileRef = 189178512ED01AEF00B88A94 /* REBtnPlane.xib */; };
		1891785C2ED081C800B88A94 /* icon_property_checked.png in Resources */ = {isa = PBXBuildFile; fileRef = 189178542ED081C800B88A94 /* icon_property_checked.png */; };
		1891785D2ED081C800B88A94 /* icon_property_normal.png in Resources */ = {isa = PBXBuildFile; fileRef = 189178552ED081C800B88A94 /* icon_property_normal.png */; };
		1891785E2ED081C800B88A94 /* icon_tree_normal.png in Resources */ = {isa = PBXBuildFile; fileRef = 189178572ED081C800B88A94 /* icon_tree_normal.png */; };
		1891785F2ED081C800B88A94 /* icon_tree_checked.png in Resources */ = {isa = PBXBuildFile; fileRef = 189178562ED081C800B88A94 /* icon_tree_checked.png */; };
		189178622ED5B42700B88A94 /* REExtrudeTexUniData.h in Headers */ = {isa = PBXBuildFile; fileRef = 189178602ED5B42700B88A94 /* REExtrudeTexUniData.h */; };
		189178632ED5B42700B88A94 /* REExtrudeTexUniData.m in Sources */ = {isa = PBXBuildFile; fileRef = 189178612ED5B42700B88A94 /* REExtrudeTexUniData.m */; };
		189178662EDDA07600B88A94 /* REUrlUniData.m in Sources */ = {isa = PBXBuildFile; fileRef = 189178652EDDA07600B88A94 /* REUrlUniData.m */; };
		189178672EDDA07600B88A94 /* REUrlUniData.h in Headers */ = {isa = PBXBuildFile; fileRef = 189178642EDDA07600B88A94 /* REUrlUniData.h */; };
		1891786B2EE914CE00B88A94 /* REAuthorUniData.m in Sources */ = {isa = PBXBuildFile; fileRef = 1891786A2EE914CE00B88A94 /* REAuthorUniData.m */; };
		1891786C2EE914CE00B88A94 /* REAuthorUniData.h in Headers */ = {isa = PBXBuildFile; fileRef = 189178692EE914CE00B88A94 /* REAuthorUniData.h */; };
		1891786F2EE97AF400B88A94 /* RERequest.m in Sources */ = {isa = PBXBuildFile; fileRef = 1891786E2EE97AF400B88A94 /* RERequest.m */; };
		189178702EE97AF400B88A94 /* RERequest.h in Headers */ = {isa = PBXBuildFile; fileRef = 1891786D2EE97AF400B88A94 /* RERequest.h */; };
		189178722EE97FC100B88A94 /* REToolClass.h in Headers */ = {isa = PBXBuildFile; fileRef = 189178712EE97FC100B88A94 /* REToolClass.h */; };
		18CF16CB2CD4780500F57EE7 /* Module-Info.plist in Resources */ = {isa = PBXBuildFile; fileRef = 18CF16CA2CD4780500F57EE7 /* Module-Info.plist */; };
		18CF16CD2CD47A3D00F57EE7 /* ModuleRes-Info.plist in Resources */ = {isa = PBXBuildFile; fileRef = 18CF16CC2CD47A3C00F57EE7 /* ModuleRes-Info.plist */; };
		18DCFEC22C80536A005BC93F /* RETestView.h in Headers */ = {isa = PBXBuildFile; fileRef = 18DCFE9A2C80536A005BC93F /* RETestView.h */; };
		18DCFEC32C80536A005BC93F /* REModule.h in Headers */ = {isa = PBXBuildFile; fileRef = 18DCFE9B2C80536A005BC93F /* REModule.h */; };
		18DCFEC42C80536A005BC93F /* RERenderComponent.h in Headers */ = {isa = PBXBuildFile; fileRef = 18DCFE9C2C80536A005BC93F /* RERenderComponent.h */; };
		18DCFEC52C80536A005BC93F /* MASCompositeConstraint.h in Headers */ = {isa = PBXBuildFile; fileRef = 18DCFE9D2C80536A005BC93F /* MASCompositeConstraint.h */; };
		18DCFEC62C80536A005BC93F /* MASCompositeConstraint.m in Sources */ = {isa = PBXBuildFile; fileRef = 18DCFE9E2C80536A005BC93F /* MASCompositeConstraint.m */; };
		18DCFEC72C80536A005BC93F /* MASConstraint.h in Headers */ = {isa = PBXBuildFile; fileRef = 18DCFE9F2C80536A005BC93F /* MASConstraint.h */; };
		18DCFEC82C80536A005BC93F /* MASConstraint.m in Sources */ = {isa = PBXBuildFile; fileRef = 18DCFEA02C80536A005BC93F /* MASConstraint.m */; };
		18DCFEC92C80536A005BC93F /* MASConstraint+Private.h in Headers */ = {isa = PBXBuildFile; fileRef = 18DCFEA12C80536A005BC93F /* MASConstraint+Private.h */; };
		18DCFECA2C80536A005BC93F /* MASConstraintMaker.h in Headers */ = {isa = PBXBuildFile; fileRef = 18DCFEA22C80536A005BC93F /* MASConstraintMaker.h */; };
		18DCFECB2C80536A005BC93F /* MASConstraintMaker.m in Sources */ = {isa = PBXBuildFile; fileRef = 18DCFEA32C80536A005BC93F /* MASConstraintMaker.m */; };
		18DCFECC2C80536A005BC93F /* MASLayoutConstraint.h in Headers */ = {isa = PBXBuildFile; fileRef = 18DCFEA42C80536A005BC93F /* MASLayoutConstraint.h */; };
		18DCFECD2C80536A005BC93F /* MASLayoutConstraint.m in Sources */ = {isa = PBXBuildFile; fileRef = 18DCFEA52C80536A005BC93F /* MASLayoutConstraint.m */; };
		18DCFECE2C80536A005BC93F /* Masonry.h in Headers */ = {isa = PBXBuildFile; fileRef = 18DCFEA62C80536A005BC93F /* Masonry.h */; };
		18DCFECF2C80536A005BC93F /* MASUtilities.h in Headers */ = {isa = PBXBuildFile; fileRef = 18DCFEA72C80536A005BC93F /* MASUtilities.h */; };
		18DCFED02C80536A005BC93F /* MASViewAttribute.h in Headers */ = {isa = PBXBuildFile; fileRef = 18DCFEA82C80536A005BC93F /* MASViewAttribute.h */; };
		18DCFED12C80536A005BC93F /* MASViewAttribute.m in Sources */ = {isa = PBXBuildFile; fileRef = 18DCFEA92C80536A005BC93F /* MASViewAttribute.m */; };
		18DCFED22C80536A005BC93F /* MASViewConstraint.h in Headers */ = {isa = PBXBuildFile; fileRef = 18DCFEAA2C80536A005BC93F /* MASViewConstraint.h */; };
		18DCFED32C80536A005BC93F /* MASViewConstraint.m in Sources */ = {isa = PBXBuildFile; fileRef = 18DCFEAB2C80536A005BC93F /* MASViewConstraint.m */; };
		18DCFED42C80536A005BC93F /* NSArray+MASAdditions.h in Headers */ = {isa = PBXBuildFile; fileRef = 18DCFEAC2C80536A005BC93F /* NSArray+MASAdditions.h */; };
		18DCFED52C80536A005BC93F /* NSArray+MASAdditions.m in Sources */ = {isa = PBXBuildFile; fileRef = 18DCFEAD2C80536A005BC93F /* NSArray+MASAdditions.m */; };
		18DCFED62C80536A005BC93F /* NSArray+MASShorthandAdditions.h in Headers */ = {isa = PBXBuildFile; fileRef = 18DCFEAE2C80536A005BC93F /* NSArray+MASShorthandAdditions.h */; };
		18DCFED72C80536A005BC93F /* NSLayoutConstraint+MASDebugAdditions.h in Headers */ = {isa = PBXBuildFile; fileRef = 18DCFEAF2C80536A005BC93F /* NSLayoutConstraint+MASDebugAdditions.h */; };
		18DCFED82C80536A005BC93F /* NSLayoutConstraint+MASDebugAdditions.m in Sources */ = {isa = PBXBuildFile; fileRef = 18DCFEB02C80536A005BC93F /* NSLayoutConstraint+MASDebugAdditions.m */; };
		18DCFED92C80536A005BC93F /* View+MASAdditions.h in Headers */ = {isa = PBXBuildFile; fileRef = 18DCFEB12C80536A005BC93F /* View+MASAdditions.h */; };
		18DCFEDA2C80536A005BC93F /* View+MASAdditions.m in Sources */ = {isa = PBXBuildFile; fileRef = 18DCFEB22C80536A005BC93F /* View+MASAdditions.m */; };
		18DCFEDB2C80536A005BC93F /* View+MASShorthandAdditions.h in Headers */ = {isa = PBXBuildFile; fileRef = 18DCFEB32C80536A005BC93F /* View+MASShorthandAdditions.h */; };
		18DCFEDC2C80536A005BC93F /* ViewController+MASAdditions.h in Headers */ = {isa = PBXBuildFile; fileRef = 18DCFEB42C80536A005BC93F /* ViewController+MASAdditions.h */; };
		18DCFEDD2C80536A005BC93F /* ViewController+MASAdditions.m in Sources */ = {isa = PBXBuildFile; fileRef = 18DCFEB52C80536A005BC93F /* ViewController+MASAdditions.m */; };
		18DCFEDE2C80536A005BC93F /* REEngineVC.m in Sources */ = {isa = PBXBuildFile; fileRef = 18DCFEB72C80536A005BC93F /* REEngineVC.m */; };
		18DCFEDF2C80536A005BC93F /* RERenderComponent.m in Sources */ = {isa = PBXBuildFile; fileRef = 18DCFEB82C80536A005BC93F /* RERenderComponent.m */; };
		18DCFEE02C80536A005BC93F /* RETestView.m in Sources */ = {isa = PBXBuildFile; fileRef = 18DCFEB92C80536A005BC93F /* RETestView.m */; };
		18DCFEE12C80536A005BC93F /* NSObject+YYModel.h in Headers */ = {isa = PBXBuildFile; fileRef = 18DCFEBA2C80536A005BC93F /* NSObject+YYModel.h */; };
		18DCFEE22C80536A005BC93F /* NSObject+YYModel.m in Sources */ = {isa = PBXBuildFile; fileRef = 18DCFEBB2C80536A005BC93F /* NSObject+YYModel.m */; };
		18DCFEE32C80536A005BC93F /* YYClassInfo.h in Headers */ = {isa = PBXBuildFile; fileRef = 18DCFEBC2C80536A005BC93F /* YYClassInfo.h */; };
		18DCFEE42C80536A005BC93F /* YYClassInfo.m in Sources */ = {isa = PBXBuildFile; fileRef = 18DCFEBD2C80536A005BC93F /* YYClassInfo.m */; };
		18DCFEE52C80536A005BC93F /* YYModel.h in Headers */ = {isa = PBXBuildFile; fileRef = 18DCFEBE2C80536A005BC93F /* YYModel.h */; };
		18DCFEE62C80536A005BC93F /* REEngineVC.h in Headers */ = {isa = PBXBuildFile; fileRef = 18DCFEC02C80536A005BC93F /* REEngineVC.h */; };
		18DCFEE72C80536A005BC93F /* REModule.m in Sources */ = {isa = PBXBuildFile; fileRef = 18DCFEC12C80536A005BC93F /* REModule.m */; };
		18DCFEEA2C80541A005BC93F /* libBlackHole3DIOS.a in Frameworks */ = {isa = PBXBuildFile; fileRef = 18DCFEE92C80541A005BC93F /* libBlackHole3DIOS.a */; };
		18DCFF082C8054D3005BC93F /* OpenGLES.framework in Frameworks */ = {isa = PBXBuildFile; fileRef = 18DCFF072C8054D3005BC93F /* OpenGLES.framework */; platformFilter = ios; };
		18DCFF262C8060DA005BC93F /* REDataSetUniData.h in Headers */ = {isa = PBXBuildFile; fileRef = 18DCFF242C8060DA005BC93F /* REDataSetUniData.h */; };
		18DCFF272C8060DA005BC93F /* REDataSetUniData.m in Sources */ = {isa = PBXBuildFile; fileRef = 18DCFF252C8060DA005BC93F /* REDataSetUniData.m */; };
		18EB94602DF14B3A009DCFBD /* REEntityUniData.h in Headers */ = {isa = PBXBuildFile; fileRef = 18EB945E2DF14B3A009DCFBD /* REEntityUniData.h */; };
		18EB94612DF14B3A009DCFBD /* REEntityUniData.m in Sources */ = {isa = PBXBuildFile; fileRef = 18EB945F2DF14B3A009DCFBD /* REEntityUniData.m */; };
		18EB94652DF14D59009DCFBD /* REUniClass.h in Headers */ = {isa = PBXBuildFile; fileRef = 18EB94642DF14D59009DCFBD /* REUniClass.h */; };
		18FF45CA2F15FA900080F5CC /* CoreAudio.framework in Frameworks */ = {isa = PBXBuildFile; fileRef = 18FF45C92F15FA900080F5CC /* CoreAudio.framework */; };
		18FF45CC2F15FAA90080F5CC /* CoreImage.framework in Frameworks */ = {isa = PBXBuildFile; fileRef = 18FF45CB2F15FAA90080F5CC /* CoreImage.framework */; };
		18FF45CE2F15FABD0080F5CC /* IOSurface.framework in Frameworks */ = {isa = PBXBuildFile; fileRef = 18FF45CD2F15FABD0080F5CC /* IOSurface.framework */; };
		18FF45D02F15FAC80080F5CC /* IOKit.framework in Frameworks */ = {isa = PBXBuildFile; fileRef = 18FF45CF2F15FAC80080F5CC /* IOKit.framework */; };
		18FF45D22F15FAD10080F5CC /* UIKit.framework in Frameworks */ = {isa = PBXBuildFile; fileRef = 18FF45D12F15FAD10080F5CC /* UIKit.framework */; };
		18FF45D42F15FAD90080F5CC /* Security.framework in Frameworks */ = {isa = PBXBuildFile; fileRef = 18FF45D32F15FAD90080F5CC /* Security.framework */; };
		18FF45D62F15FAE10080F5CC /* QuartzCore.framework in Frameworks */ = {isa = PBXBuildFile; fileRef = 18FF45D52F15FAE10080F5CC /* QuartzCore.framework */; };
		18FF45D82F15FAED0080F5CC /* Metal.framework in Frameworks */ = {isa = PBXBuildFile; fileRef = 18FF45D72F15FAED0080F5CC /* Metal.framework */; };
		18FF45DA2F15FAF50080F5CC /* GameController.framework in Frameworks */ = {isa = PBXBuildFile; fileRef = 18FF45D92F15FAF50080F5CC /* GameController.framework */; };
		18FF45DC2F15FB010080F5CC /* Foundation.framework in Frameworks */ = {isa = PBXBuildFile; fileRef = 18FF45DB2F15FB010080F5CC /* Foundation.framework */; };
		18FF45DE2F15FB080080F5CC /* CoreVideo.framework in Frameworks */ = {isa = PBXBuildFile; fileRef = 18FF45DD2F15FB080080F5CC /* CoreVideo.framework */; };
		18FF45E02F15FB130080F5CC /* CoreTelephony.framework in Frameworks */ = {isa = PBXBuildFile; fileRef = 18FF45DF2F15FB130080F5CC /* CoreTelephony.framework */; };
		18FF45E22F15FB1B0080F5CC /* CoreMotion.framework in Frameworks */ = {isa = PBXBuildFile; fileRef = 18FF45E12F15FB1B0080F5CC /* CoreMotion.framework */; };
		18FF45E42F15FB210080F5CC /* CoreHaptics.framework in Frameworks */ = {isa = PBXBuildFile; fileRef = 18FF45E32F15FB210080F5CC /* CoreHaptics.framework */; };
		18FF45E62F15FB280080F5CC /* CoreGraphics.framework in Frameworks */ = {isa = PBXBuildFile; fileRef = 18FF45E52F15FB280080F5CC /* CoreGraphics.framework */; };
		18FF45E82F15FB2E0080F5CC /* CoreFoundation.framework in Frameworks */ = {isa = PBXBuildFile; fileRef = 18FF45E72F15FB2E0080F5CC /* CoreFoundation.framework */; };
		18FF45EA2F15FB340080F5CC /* CoreBluetooth.framework in Frameworks */ = {isa = PBXBuildFile; fileRef = 18FF45E92F15FB340080F5CC /* CoreBluetooth.framework */; };
		18FF45EC2F15FB3B0080F5CC /* AVFoundation.framework in Frameworks */ = {isa = PBXBuildFile; fileRef = 18FF45EB2F15FB3B0080F5CC /* AVFoundation.framework */; };
		18FF45EE2F15FB420080F5CC /* AudioToolbox.framework in Frameworks */ = {isa = PBXBuildFile; fileRef = 18FF45ED2F15FB420080F5CC /* AudioToolbox.framework */; };
		18FF45F02F15FB490080F5CC /* libiconv.tbd in Frameworks */ = {isa = PBXBuildFile; fileRef = 18FF45EF2F15FB490080F5CC /* libiconv.tbd */; };
/* End PBXBuildFile section */

/* Begin PBXContainerItemProxy section */
		185ABDF02CB906F7003263DA /* PBXContainerItemProxy */ = {
			isa = PBXContainerItemProxy;
			containerPortal = 18DCFBEA2C804B6D005BC93F /* Project object */;
			proxyType = 1;
			remoteGlobalIDString = 185ABDD12CB90533003263DA;
			remoteInfo = REUniPluginModuleRes;
		};
/* End PBXContainerItemProxy section */

/* Begin PBXFileReference section */
		181C34A52CD0E2A900259672 /* icon_logo@3x.png */ = {isa = PBXFileReference; lastKnownFileType = image.png; path = "icon_logo@3x.png"; sourceTree = "<group>"; };
		181C34A62CD0E2A900259672 /* icon_back.png */ = {isa = PBXFileReference; lastKnownFileType = image.png; path = icon_back.png; sourceTree = "<group>"; };
		181C34A72CD0E2A900259672 /* icon_logo.png */ = {isa = PBXFileReference; lastKnownFileType = image.png; path = icon_logo.png; sourceTree = "<group>"; };
		181C34A82CD0E2A900259672 /* icon_logo@2x.png */ = {isa = PBXFileReference; lastKnownFileType = image.png; path = "icon_logo@2x.png"; sourceTree = "<group>"; };
		181C34A92CD0E2A900259672 /* icon_qrCode.png */ = {isa = PBXFileReference; lastKnownFileType = image.png; path = icon_qrCode.png; sourceTree = "<group>"; };
		181C34AA2CD0E2A900259672 /* icon_qrCode@2x.png */ = {isa = PBXFileReference; lastKnownFileType = image.png; path = "icon_qrCode@2x.png"; sourceTree = "<group>"; };
		181C34AB2CD0E2A900259672 /* icon_back@2x.png */ = {isa = PBXFileReference; lastKnownFileType = image.png; path = "icon_back@2x.png"; sourceTree = "<group>"; };
		181C34AC2CD0E2A900259672 /* icon_back@3x.png */ = {isa = PBXFileReference; lastKnownFileType = image.png; path = "icon_back@3x.png"; sourceTree = "<group>"; };
		181C34AD2CD0E2A900259672 /* icon_qrCode@3x.png */ = {isa = PBXFileReference; lastKnownFileType = image.png; path = "icon_qrCode@3x.png"; sourceTree = "<group>"; };
		1834CAF82E13902400D2036C /* REWaterUniData.h */ = {isa = PBXFileReference; lastKnownFileType = sourcecode.c.h; path = REWaterUniData.h; sourceTree = "<group>"; };
		1834CAF92E13902400D2036C /* REWaterUniData.m */ = {isa = PBXFileReference; lastKnownFileType = sourcecode.c.objc; path = REWaterUniData.m; sourceTree = "<group>"; };
		1834CAFC2E13939100D2036C /* REExtrudeUniData.h */ = {isa = PBXFileReference; lastKnownFileType = sourcecode.c.h; path = REExtrudeUniData.h; sourceTree = "<group>"; };
		1834CAFD2E13939100D2036C /* REExtrudeUniData.m */ = {isa = PBXFileReference; lastKnownFileType = sourcecode.c.objc; path = REExtrudeUniData.m; sourceTree = "<group>"; };
		1834CB4B2E1BAF7500D2036C /* REWebViewManager.h */ = {isa = PBXFileReference; lastKnownFileType = sourcecode.c.h; path = REWebViewManager.h; sourceTree = "<group>"; };
		1834CB4C2E1BAF7500D2036C /* REWebViewManager.m */ = {isa = PBXFileReference; lastKnownFileType = sourcecode.c.objc; path = REWebViewManager.m; sourceTree = "<group>"; };
		1834CB4F2E1BAFCD00D2036C /* REAppUIClass.h */ = {isa = PBXFileReference; lastKnownFileType = sourcecode.c.h; path = REAppUIClass.h; sourceTree = "<group>"; };
		1834CB532E1BB1E000D2036C /* RESceneUniData.h */ = {isa = PBXFileReference; lastKnownFileType = sourcecode.c.h; path = RESceneUniData.h; sourceTree = "<group>"; };
		1834CB542E1BB1E000D2036C /* RESceneUniData.m */ = {isa = PBXFileReference; lastKnownFileType = sourcecode.c.objc; path = RESceneUniData.m; sourceTree = "<group>"; };
		1834CB572E1BB29700D2036C /* RECamInfoUniData.h */ = {isa = PBXFileReference; lastKnownFileType = sourcecode.c.h; path = RECamInfoUniData.h; sourceTree = "<group>"; };
		1834CB582E1BB29700D2036C /* RECamInfoUniData.m */ = {isa = PBXFileReference; lastKnownFileType = sourcecode.c.objc; path = RECamInfoUniData.m; sourceTree = "<group>"; };
		1834CB5B2E1BBF0800D2036C /* REModelUniData.h */ = {isa = PBXFileReference; lastKnownFileType = sourcecode.c.h; path = REModelUniData.h; sourceTree = "<group>"; };
		1834CB5C2E1BBF0800D2036C /* REModelUniData.m */ = {isa = PBXFileReference; lastKnownFileType = sourcecode.c.objc; path = REModelUniData.m; sourceTree = "<group>"; };
		1834CB5F2E1BC02700D2036C /* REToolData.h */ = {isa = PBXFileReference; lastKnownFileType = sourcecode.c.h; path = REToolData.h; sourceTree = "<group>"; };
		1834CB602E1BC02700D2036C /* REToolData.m */ = {isa = PBXFileReference; lastKnownFileType = sourcecode.c.objc; path = REToolData.m; sourceTree = "<group>"; };
		1834CB642E1BC91B00D2036C /* REToolHandle.h */ = {isa = PBXFileReference; lastKnownFileType = sourcecode.c.h; path = REToolHandle.h; sourceTree = "<group>"; };
		1834CB652E1BC91B00D2036C /* REToolHandle.m */ = {isa = PBXFileReference; lastKnownFileType = sourcecode.c.objc; path = REToolHandle.m; sourceTree = "<group>"; };
		1851FC812CC8E7B200583FD8 /* RETip.h */ = {isa = PBXFileReference; lastKnownFileType = sourcecode.c.h; path = RETip.h; sourceTree = "<group>"; };
		1851FC822CC8E7B200583FD8 /* RETip.m */ = {isa = PBXFileReference; lastKnownFileType = sourcecode.c.objc; path = RETip.m; sourceTree = "<group>"; };
		1851FC852CD0748300583FD8 /* RENav.h */ = {isa = PBXFileReference; lastKnownFileType = sourcecode.c.h; path = RENav.h; sourceTree = "<group>"; };
		1851FC862CD0748300583FD8 /* RENav.m */ = {isa = PBXFileReference; lastKnownFileType = sourcecode.c.objc; path = RENav.m; sourceTree = "<group>"; };
		1851FC892CD074C400583FD8 /* RENav.xib */ = {isa = PBXFileReference; lastKnownFileType = file.xib; path = RENav.xib; sourceTree = "<group>"; };
		185ABDB82CB781D5003263DA /* RELoadingView.h */ = {isa = PBXFileReference; lastKnownFileType = sourcecode.c.h; path = RELoadingView.h; sourceTree = "<group>"; };
		185ABDB92CB781D5003263DA /* RELoadingView.m */ = {isa = PBXFileReference; lastKnownFileType = sourcecode.c.objc; path = RELoadingView.m; sourceTree = "<group>"; };
		185ABDD22CB90533003263DA /* REUniPluginModuleRes.bundle */ = {isa = PBXFileReference; explicitFileType = wrapper.cfbundle; includeInIndex = 0; path = REUniPluginModuleRes.bundle; sourceTree = BUILT_PRODUCTS_DIR; };
		185ABDF32CB9091F003263DA /* icon_back_circle@3x.png */ = {isa = PBXFileReference; lastKnownFileType = image.png; path = "icon_back_circle@3x.png"; sourceTree = "<group>"; };
		185ABDF42CB9091F003263DA /* icon_back_circle@2x.png */ = {isa = PBXFileReference; lastKnownFileType = image.png; path = "icon_back_circle@2x.png"; sourceTree = "<group>"; };
		185ABDF52CB9091F003263DA /* loading.gif */ = {isa = PBXFileReference; lastKnownFileType = image.gif; path = loading.gif; sourceTree = "<group>"; };
		185ABDF62CB9091F003263DA /* RELoadingView.xib */ = {isa = PBXFileReference; fileEncoding = 4; lastKnownFileType = file.xib; path = RELoadingView.xib; sourceTree = "<group>"; };
		185ABDF72CB9091F003263DA /* icon_back_circle.png */ = {isa = PBXFileReference; lastKnownFileType = image.png; path = icon_back_circle.png; sourceTree = "<group>"; };
		185ABDFF2CBA7BCB003263DA /* REUniPluginModulePrefix.pch */ = {isa = PBXFileReference; lastKnownFileType = sourcecode.c.h; path = REUniPluginModulePrefix.pch; sourceTree = "<group>"; };
		187D32F62CD1DA72005DA0F5 /* REQRCode.h */ = {isa = PBXFileReference; lastKnownFileType = sourcecode.c.h; path = REQRCode.h; sourceTree = "<group>"; };
		187D32F72CD1DA72005DA0F5 /* REQRCode.m */ = {isa = PBXFileReference; lastKnownFileType = sourcecode.c.objc; path = REQRCode.m; sourceTree = "<group>"; };
		187D32FC2CD1DB3F005DA0F5 /* REQRCode.xib */ = {isa = PBXFileReference; lastKnownFileType = file.xib; path = REQRCode.xib; sourceTree = "<group>"; };
		187D33012CD2103C005DA0F5 /* icon_blue_logo@3x.png */ = {isa = PBXFileReference; lastKnownFileType = image.png; path = "icon_blue_logo@3x.png"; sourceTree = "<group>"; };
		187D33022CD2103C005DA0F5 /* icon_blue_logo@2x.png */ = {isa = PBXFileReference; lastKnownFileType = image.png; path = "icon_blue_logo@2x.png"; sourceTree = "<group>"; };
		187D33032CD2103C005DA0F5 /* icon_blue_logo.png */ = {isa = PBXFileReference; lastKnownFileType = image.png; path = icon_blue_logo.png; sourceTree = "<group>"; };
		189178452ECEC7AD00B88A94 /* REWebPopData.h */ = {isa = PBXFileReference; lastKnownFileType = sourcecode.c.h; path = REWebPopData.h; sourceTree = "<group>"; };
		189178462ECEC7AD00B88A94 /* REWebPopData.m */ = {isa = PBXFileReference; lastKnownFileType = sourcecode.c.objc; path = REWebPopData.m; sourceTree = "<group>"; };
		189178492ECF010400B88A94 /* REBridgeData.h */ = {isa = PBXFileReference; lastKnownFileType = sourcecode.c.h; path = REBridgeData.h; sourceTree = "<group>"; };
		1891784A2ECF010400B88A94 /* REBridgeData.m */ = {isa = PBXFileReference; lastKnownFileType = sourcecode.c.objc; path = REBridgeData.m; sourceTree = "<group>"; };
		1891784D2ED01ADD00B88A94 /* REBtnPlane.h */ = {isa = PBXFileReference; lastKnownFileType = sourcecode.c.h; path = REBtnPlane.h; sourceTree = "<group>"; };
		1891784E2ED01ADD00B88A94 /* REBtnPlane.m */ = {isa = PBXFileReference; lastKnownFileType = sourcecode.c.objc; path = REBtnPlane.m; sourceTree = "<group>"; };
		189178512ED01AEF00B88A94 /* REBtnPlane.xib */ = {isa = PBXFileReference; lastKnownFileType = file.xib; path = REBtnPlane.xib; sourceTree = "<group>"; };
		189178542ED081C800B88A94 /* icon_property_checked.png */ = {isa = PBXFileReference; lastKnownFileType = image.png; path = icon_property_checked.png; sourceTree = "<group>"; };
		189178552ED081C800B88A94 /* icon_property_normal.png */ = {isa = PBXFileReference; lastKnownFileType = image.png; path = icon_property_normal.png; sourceTree = "<group>"; };
		189178562ED081C800B88A94 /* icon_tree_checked.png */ = {isa = PBXFileReference; lastKnownFileType = image.png; path = icon_tree_checked.png; sourceTree = "<group>"; };
		189178572ED081C800B88A94 /* icon_tree_normal.png */ = {isa = PBXFileReference; lastKnownFileType = image.png; path = icon_tree_normal.png; sourceTree = "<group>"; };
		189178602ED5B42700B88A94 /* REExtrudeTexUniData.h */ = {isa = PBXFileReference; lastKnownFileType = sourcecode.c.h; path = REExtrudeTexUniData.h; sourceTree = "<group>"; };
		189178612ED5B42700B88A94 /* REExtrudeTexUniData.m */ = {isa = PBXFileReference; lastKnownFileType = sourcecode.c.objc; path = REExtrudeTexUniData.m; sourceTree = "<group>"; };
		189178642EDDA07600B88A94 /* REUrlUniData.h */ = {isa = PBXFileReference; lastKnownFileType = sourcecode.c.h; path = REUrlUniData.h; sourceTree = "<group>"; };
		189178652EDDA07600B88A94 /* REUrlUniData.m */ = {isa = PBXFileReference; lastKnownFileType = sourcecode.c.objc; path = REUrlUniData.m; sourceTree = "<group>"; };
		189178692EE914CE00B88A94 /* REAuthorUniData.h */ = {isa = PBXFileReference; lastKnownFileType = sourcecode.c.h; path = REAuthorUniData.h; sourceTree = "<group>"; };
		1891786A2EE914CE00B88A94 /* REAuthorUniData.m */ = {isa = PBXFileReference; lastKnownFileType = sourcecode.c.objc; path = REAuthorUniData.m; sourceTree = "<group>"; };
		1891786D2EE97AF400B88A94 /* RERequest.h */ = {isa = PBXFileReference; lastKnownFileType = sourcecode.c.h; path = RERequest.h; sourceTree = "<group>"; };
		1891786E2EE97AF400B88A94 /* RERequest.m */ = {isa = PBXFileReference; lastKnownFileType = sourcecode.c.objc; path = RERequest.m; sourceTree = "<group>"; };
		189178712EE97FC100B88A94 /* REToolClass.h */ = {isa = PBXFileReference; lastKnownFileType = sourcecode.c.h; path = REToolClass.h; sourceTree = "<group>"; };
		18CF16CA2CD4780500F57EE7 /* Module-Info.plist */ = {isa = PBXFileReference; fileEncoding = 4; lastKnownFileType = text.plist.xml; path = "Module-Info.plist"; sourceTree = "<group>"; };
		18CF16CC2CD47A3C00F57EE7 /* ModuleRes-Info.plist */ = {isa = PBXFileReference; fileEncoding = 4; lastKnownFileType = text.plist.xml; path = "ModuleRes-Info.plist"; sourceTree = "<group>"; };
		18DCFBF32C804B6D005BC93F /* REUniPluginModule.framework */ = {isa = PBXFileReference; explicitFileType = wrapper.framework; includeInIndex = 0; path = REUniPluginModule.framework; sourceTree = BUILT_PRODUCTS_DIR; };
		18DCFE9A2C80536A005BC93F /* RETestView.h */ = {isa = PBXFileReference; fileEncoding = 4; lastKnownFileType = sourcecode.c.h; path = RETestView.h; sourceTree = "<group>"; };
		18DCFE9B2C80536A005BC93F /* REModule.h */ = {isa = PBXFileReference; fileEncoding = 4; lastKnownFileType = sourcecode.c.h; path = REModule.h; sourceTree = "<group>"; };
		18DCFE9C2C80536A005BC93F /* RERenderComponent.h */ = {isa = PBXFileReference; fileEncoding = 4; lastKnownFileType = sourcecode.c.h; path = RERenderComponent.h; sourceTree = "<group>"; };
		18DCFE9D2C80536A005BC93F /* MASCompositeConstraint.h */ = {isa = PBXFileReference; fileEncoding = 4; lastKnownFileType = sourcecode.c.h; path = MASCompositeConstraint.h; sourceTree = "<group>"; };
		18DCFE9E2C80536A005BC93F /* MASCompositeConstraint.m */ = {isa = PBXFileReference; fileEncoding = 4; lastKnownFileType = sourcecode.c.objc; path = MASCompositeConstraint.m; sourceTree = "<group>"; };
		18DCFE9F2C80536A005BC93F /* MASConstraint.h */ = {isa = PBXFileReference; fileEncoding = 4; lastKnownFileType = sourcecode.c.h; path = MASConstraint.h; sourceTree = "<group>"; };
		18DCFEA02C80536A005BC93F /* MASConstraint.m */ = {isa = PBXFileReference; fileEncoding = 4; lastKnownFileType = sourcecode.c.objc; path = MASConstraint.m; sourceTree = "<group>"; };
		18DCFEA12C80536A005BC93F /* MASConstraint+Private.h */ = {isa = PBXFileReference; fileEncoding = 4; lastKnownFileType = sourcecode.c.h; path = "MASConstraint+Private.h"; sourceTree = "<group>"; };
		18DCFEA22C80536A005BC93F /* MASConstraintMaker.h */ = {isa = PBXFileReference; fileEncoding = 4; lastKnownFileType = sourcecode.c.h; path = MASConstraintMaker.h; sourceTree = "<group>"; };
		18DCFEA32C80536A005BC93F /* MASConstraintMaker.m */ = {isa = PBXFileReference; fileEncoding = 4; lastKnownFileType = sourcecode.c.objc; path = MASConstraintMaker.m; sourceTree = "<group>"; };
		18DCFEA42C80536A005BC93F /* MASLayoutConstraint.h */ = {isa = PBXFileReference; fileEncoding = 4; lastKnownFileType = sourcecode.c.h; path = MASLayoutConstraint.h; sourceTree = "<group>"; };
		18DCFEA52C80536A005BC93F /* MASLayoutConstraint.m */ = {isa = PBXFileReference; fileEncoding = 4; lastKnownFileType = sourcecode.c.objc; path = MASLayoutConstraint.m; sourceTree = "<group>"; };
		18DCFEA62C80536A005BC93F /* Masonry.h */ = {isa = PBXFileReference; fileEncoding = 4; lastKnownFileType = sourcecode.c.h; path = Masonry.h; sourceTree = "<group>"; };
		18DCFEA72C80536A005BC93F /* MASUtilities.h */ = {isa = PBXFileReference; fileEncoding = 4; lastKnownFileType = sourcecode.c.h; path = MASUtilities.h; sourceTree = "<group>"; };
		18DCFEA82C80536A005BC93F /* MASViewAttribute.h */ = {isa = PBXFileReference; fileEncoding = 4; lastKnownFileType = sourcecode.c.h; path = MASViewAttribute.h; sourceTree = "<group>"; };
		18DCFEA92C80536A005BC93F /* MASViewAttribute.m */ = {isa = PBXFileReference; fileEncoding = 4; lastKnownFileType = sourcecode.c.objc; path = MASViewAttribute.m; sourceTree = "<group>"; };
		18DCFEAA2C80536A005BC93F /* MASViewConstraint.h */ = {isa = PBXFileReference; fileEncoding = 4; lastKnownFileType = sourcecode.c.h; path = MASViewConstraint.h; sourceTree = "<group>"; };
		18DCFEAB2C80536A005BC93F /* MASViewConstraint.m */ = {isa = PBXFileReference; fileEncoding = 4; lastKnownFileType = sourcecode.c.objc; path = MASViewConstraint.m; sourceTree = "<group>"; };
		18DCFEAC2C80536A005BC93F /* NSArray+MASAdditions.h */ = {isa = PBXFileReference; fileEncoding = 4; lastKnownFileType = sourcecode.c.h; path = "NSArray+MASAdditions.h"; sourceTree = "<group>"; };
		18DCFEAD2C80536A005BC93F /* NSArray+MASAdditions.m */ = {isa = PBXFileReference; fileEncoding = 4; lastKnownFileType = sourcecode.c.objc; path = "NSArray+MASAdditions.m"; sourceTree = "<group>"; };
		18DCFEAE2C80536A005BC93F /* NSArray+MASShorthandAdditions.h */ = {isa = PBXFileReference; fileEncoding = 4; lastKnownFileType = sourcecode.c.h; path = "NSArray+MASShorthandAdditions.h"; sourceTree = "<group>"; };
		18DCFEAF2C80536A005BC93F /* NSLayoutConstraint+MASDebugAdditions.h */ = {isa = PBXFileReference; fileEncoding = 4; lastKnownFileType = sourcecode.c.h; path = "NSLayoutConstraint+MASDebugAdditions.h"; sourceTree = "<group>"; };
		18DCFEB02C80536A005BC93F /* NSLayoutConstraint+MASDebugAdditions.m */ = {isa = PBXFileReference; fileEncoding = 4; lastKnownFileType = sourcecode.c.objc; path = "NSLayoutConstraint+MASDebugAdditions.m"; sourceTree = "<group>"; };
		18DCFEB12C80536A005BC93F /* View+MASAdditions.h */ = {isa = PBXFileReference; fileEncoding = 4; lastKnownFileType = sourcecode.c.h; path = "View+MASAdditions.h"; sourceTree = "<group>"; };
		18DCFEB22C80536A005BC93F /* View+MASAdditions.m */ = {isa = PBXFileReference; fileEncoding = 4; lastKnownFileType = sourcecode.c.objc; path = "View+MASAdditions.m"; sourceTree = "<group>"; };
		18DCFEB32C80536A005BC93F /* View+MASShorthandAdditions.h */ = {isa = PBXFileReference; fileEncoding = 4; lastKnownFileType = sourcecode.c.h; path = "View+MASShorthandAdditions.h"; sourceTree = "<group>"; };
		18DCFEB42C80536A005BC93F /* ViewController+MASAdditions.h */ = {isa = PBXFileReference; fileEncoding = 4; lastKnownFileType = sourcecode.c.h; path = "ViewController+MASAdditions.h"; sourceTree = "<group>"; };
		18DCFEB52C80536A005BC93F /* ViewController+MASAdditions.m */ = {isa = PBXFileReference; fileEncoding = 4; lastKnownFileType = sourcecode.c.objc; path = "ViewController+MASAdditions.m"; sourceTree = "<group>"; };
		18DCFEB72C80536A005BC93F /* REEngineVC.m */ = {isa = PBXFileReference; fileEncoding = 4; lastKnownFileType = sourcecode.c.objc; path = REEngineVC.m; sourceTree = "<group>"; };
		18DCFEB82C80536A005BC93F /* RERenderComponent.m */ = {isa = PBXFileReference; fileEncoding = 4; lastKnownFileType = sourcecode.c.objc; path = RERenderComponent.m; sourceTree = "<group>"; };
		18DCFEB92C80536A005BC93F /* RETestView.m */ = {isa = PBXFileReference; fileEncoding = 4; lastKnownFileType = sourcecode.c.objc; path = RETestView.m; sourceTree = "<group>"; };
		18DCFEBA2C80536A005BC93F /* NSObject+YYModel.h */ = {isa = PBXFileReference; fileEncoding = 4; lastKnownFileType = sourcecode.c.h; path = "NSObject+YYModel.h"; sourceTree = "<group>"; };
		18DCFEBB2C80536A005BC93F /* NSObject+YYModel.m */ = {isa = PBXFileReference; fileEncoding = 4; lastKnownFileType = sourcecode.c.objc; path = "NSObject+YYModel.m"; sourceTree = "<group>"; };
		18DCFEBC2C80536A005BC93F /* YYClassInfo.h */ = {isa = PBXFileReference; fileEncoding = 4; lastKnownFileType = sourcecode.c.h; path = YYClassInfo.h; sourceTree = "<group>"; };
		18DCFEBD2C80536A005BC93F /* YYClassInfo.m */ = {isa = PBXFileReference; fileEncoding = 4; lastKnownFileType = sourcecode.c.objc; path = YYClassInfo.m; sourceTree = "<group>"; };
		18DCFEBE2C80536A005BC93F /* YYModel.h */ = {isa = PBXFileReference; fileEncoding = 4; lastKnownFileType = sourcecode.c.h; path = YYModel.h; sourceTree = "<group>"; };
		18DCFEC02C80536A005BC93F /* REEngineVC.h */ = {isa = PBXFileReference; fileEncoding = 4; lastKnownFileType = sourcecode.c.h; path = REEngineVC.h; sourceTree = "<group>"; };
		18DCFEC12C80536A005BC93F /* REModule.m */ = {isa = PBXFileReference; fileEncoding = 4; lastKnownFileType = sourcecode.c.objc; path = REModule.m; sourceTree = "<group>"; };
		18DCFEE92C80541A005BC93F /* libBlackHole3DIOS.a */ = {isa = PBXFileReference; lastKnownFileType = archive.ar; name = libBlackHole3DIOS.a; path = ../../../RealBIMEngineTestSDKDemo/RealBIMIOSEngineSDK/lib/libBlackHole3DIOS.a; sourceTree = "<group>"; };
		18DCFF072C8054D3005BC93F /* OpenGLES.framework */ = {isa = PBXFileReference; lastKnownFileType = wrapper.framework; name = OpenGLES.framework; path = System/Library/Frameworks/OpenGLES.framework; sourceTree = SDKROOT; };
		18DCFF242C8060DA005BC93F /* REDataSetUniData.h */ = {isa = PBXFileReference; lastKnownFileType = sourcecode.c.h; path = REDataSetUniData.h; sourceTree = "<group>"; };
		18DCFF252C8060DA005BC93F /* REDataSetUniData.m */ = {isa = PBXFileReference; lastKnownFileType = sourcecode.c.objc; path = REDataSetUniData.m; sourceTree = "<group>"; };
		18EB945E2DF14B3A009DCFBD /* REEntityUniData.h */ = {isa = PBXFileReference; lastKnownFileType = sourcecode.c.h; path = REEntityUniData.h; sourceTree = "<group>"; };
		18EB945F2DF14B3A009DCFBD /* REEntityUniData.m */ = {isa = PBXFileReference; lastKnownFileType = sourcecode.c.objc; path = REEntityUniData.m; sourceTree = "<group>"; };
		18EB94642DF14D59009DCFBD /* REUniClass.h */ = {isa = PBXFileReference; lastKnownFileType = sourcecode.c.h; path = REUniClass.h; sourceTree = "<group>"; };
		18EB946C2DF29E7A009DCFBD /* WebKit.framework */ = {isa = PBXFileReference; lastKnownFileType = wrapper.framework; name = WebKit.framework; path = System/Library/Frameworks/WebKit.framework; sourceTree = SDKROOT; };
		18FF45C32F15F7290080F5CC /* CoreAudioTypes.framework */ = {isa = PBXFileReference; lastKnownFileType = wrapper.framework; name = CoreAudioTypes.framework; path = System/Library/Frameworks/CoreAudioTypes.framework; sourceTree = SDKROOT; };
		18FF45C92F15FA900080F5CC /* CoreAudio.framework */ = {isa = PBXFileReference; lastKnownFileType = wrapper.framework; name = CoreAudio.framework; path = System/Library/Frameworks/CoreAudio.framework; sourceTree = SDKROOT; };
		18FF45CB2F15FAA90080F5CC /* CoreImage.framework */ = {isa = PBXFileReference; lastKnownFileType = wrapper.framework; name = CoreImage.framework; path = System/Library/Frameworks/CoreImage.framework; sourceTree = SDKROOT; };
		18FF45CD2F15FABD0080F5CC /* IOSurface.framework */ = {isa = PBXFileReference; lastKnownFileType = wrapper.framework; name = IOSurface.framework; path = System/Library/Frameworks/IOSurface.framework; sourceTree = SDKROOT; };
		18FF45CF2F15FAC80080F5CC /* IOKit.framework */ = {isa = PBXFileReference; lastKnownFileType = wrapper.framework; name = IOKit.framework; path = System/Library/Frameworks/IOKit.framework; sourceTree = SDKROOT; };
		18FF45D12F15FAD10080F5CC /* UIKit.framework */ = {isa = PBXFileReference; lastKnownFileType = wrapper.framework; name = UIKit.framework; path = System/Library/Frameworks/UIKit.framework; sourceTree = SDKROOT; };
		18FF45D32F15FAD90080F5CC /* Security.framework */ = {isa = PBXFileReference; lastKnownFileType = wrapper.framework; name = Security.framework; path = System/Library/Frameworks/Security.framework; sourceTree = SDKROOT; };
		18FF45D52F15FAE10080F5CC /* QuartzCore.framework */ = {isa = PBXFileReference; lastKnownFileType = wrapper.framework; name = QuartzCore.framework; path = System/Library/Frameworks/QuartzCore.framework; sourceTree = SDKROOT; };
		18FF45D72F15FAED0080F5CC /* Metal.framework */ = {isa = PBXFileReference; lastKnownFileType = wrapper.framework; name = Metal.framework; path = System/Library/Frameworks/Metal.framework; sourceTree = SDKROOT; };
		18FF45D92F15FAF50080F5CC /* GameController.framework */ = {isa = PBXFileReference; lastKnownFileType = wrapper.framework; name = GameController.framework; path = System/Library/Frameworks/GameController.framework; sourceTree = SDKROOT; };
		18FF45DB2F15FB010080F5CC /* Foundation.framework */ = {isa = PBXFileReference; lastKnownFileType = wrapper.framework; name = Foundation.framework; path = System/Library/Frameworks/Foundation.framework; sourceTree = SDKROOT; };
		18FF45DD2F15FB080080F5CC /* CoreVideo.framework */ = {isa = PBXFileReference; lastKnownFileType = wrapper.framework; name = CoreVideo.framework; path = System/Library/Frameworks/CoreVideo.framework; sourceTree = SDKROOT; };
		18FF45DF2F15FB130080F5CC /* CoreTelephony.framework */ = {isa = PBXFileReference; lastKnownFileType = wrapper.framework; name = CoreTelephony.framework; path = System/Library/Frameworks/CoreTelephony.framework; sourceTree = SDKROOT; };
		18FF45E12F15FB1B0080F5CC /* CoreMotion.framework */ = {isa = PBXFileReference; lastKnownFileType = wrapper.framework; name = CoreMotion.framework; path = System/Library/Frameworks/CoreMotion.framework; sourceTree = SDKROOT; };
		18FF45E32F15FB210080F5CC /* CoreHaptics.framework */ = {isa = PBXFileReference; lastKnownFileType = wrapper.framework; name = CoreHaptics.framework; path = System/Library/Frameworks/CoreHaptics.framework; sourceTree = SDKROOT; };
		18FF45E52F15FB280080F5CC /* CoreGraphics.framework */ = {isa = PBXFileReference; lastKnownFileType = wrapper.framework; name = CoreGraphics.framework; path = System/Library/Frameworks/CoreGraphics.framework; sourceTree = SDKROOT; };
		18FF45E72F15FB2E0080F5CC /* CoreFoundation.framework */ = {isa = PBXFileReference; lastKnownFileType = wrapper.framework; name = CoreFoundation.framework; path = System/Library/Frameworks/CoreFoundation.framework; sourceTree = SDKROOT; };
		18FF45E92F15FB340080F5CC /* CoreBluetooth.framework */ = {isa = PBXFileReference; lastKnownFileType = wrapper.framework; name = CoreBluetooth.framework; path = System/Library/Frameworks/CoreBluetooth.framework; sourceTree = SDKROOT; };
		18FF45EB2F15FB3B0080F5CC /* AVFoundation.framework */ = {isa = PBXFileReference; lastKnownFileType = wrapper.framework; name = AVFoundation.framework; path = System/Library/Frameworks/AVFoundation.framework; sourceTree = SDKROOT; };
		18FF45ED2F15FB420080F5CC /* AudioToolbox.framework */ = {isa = PBXFileReference; lastKnownFileType = wrapper.framework; name = AudioToolbox.framework; path = System/Library/Frameworks/AudioToolbox.framework; sourceTree = SDKROOT; };
		18FF45EF2F15FB490080F5CC /* libiconv.tbd */ = {isa = PBXFileReference; lastKnownFileType = "sourcecode.text-based-dylib-definition"; name = libiconv.tbd; path = usr/lib/libiconv.tbd; sourceTree = SDKROOT; };
/* End PBXFileReference section */

/* Begin PBXFrameworksBuildPhase section */
		185ABDCF2CB90533003263DA /* Frameworks */ = {
			isa = PBXFrameworksBuildPhase;
			buildActionMask = 2147483647;
			files = (
			);
			runOnlyForDeploymentPostprocessing = 0;
		};
		18DCFBF02C804B6D005BC93F /* Frameworks */ = {
			isa = PBXFrameworksBuildPhase;
			buildActionMask = 2147483647;
			files = (
				18FF45F02F15FB490080F5CC /* libiconv.tbd in Frameworks */,
				18FF45EE2F15FB420080F5CC /* AudioToolbox.framework in Frameworks */,
				18FF45EC2F15FB3B0080F5CC /* AVFoundation.framework in Frameworks */,
				18FF45EA2F15FB340080F5CC /* CoreBluetooth.framework in Frameworks */,
				18FF45E82F15FB2E0080F5CC /* CoreFoundation.framework in Frameworks */,
				18FF45E62F15FB280080F5CC /* CoreGraphics.framework in Frameworks */,
				18FF45E42F15FB210080F5CC /* CoreHaptics.framework in Frameworks */,
				18FF45E22F15FB1B0080F5CC /* CoreMotion.framework in Frameworks */,
				18FF45E02F15FB130080F5CC /* CoreTelephony.framework in Frameworks */,
				18FF45DE2F15FB080080F5CC /* CoreVideo.framework in Frameworks */,
				18FF45DC2F15FB010080F5CC /* Foundation.framework in Frameworks */,
				18FF45DA2F15FAF50080F5CC /* GameController.framework in Frameworks */,
				18FF45D82F15FAED0080F5CC /* Metal.framework in Frameworks */,
				18FF45D62F15FAE10080F5CC /* QuartzCore.framework in Frameworks */,
				18FF45D42F15FAD90080F5CC /* Security.framework in Frameworks */,
				18FF45D22F15FAD10080F5CC /* UIKit.framework in Frameworks */,
				18FF45D02F15FAC80080F5CC /* IOKit.framework in Frameworks */,
				18FF45CE2F15FABD0080F5CC /* IOSurface.framework in Frameworks */,
				18FF45CC2F15FAA90080F5CC /* CoreImage.framework in Frameworks */,
				18FF45CA2F15FA900080F5CC /* CoreAudio.framework in Frameworks */,
				18DCFF082C8054D3005BC93F /* OpenGLES.framework in Frameworks */,
				18DCFEEA2C80541A005BC93F /* libBlackHole3DIOS.a in Frameworks */,
			);
			runOnlyForDeploymentPostprocessing = 0;
		};
/* End PBXFrameworksBuildPhase section */

/* Begin PBXGroup section */
		1834CB632E1BC8FF00D2036C /* Tool */ = {
			isa = PBXGroup;
			children = (
				189178712EE97FC100B88A94 /* REToolClass.h */,
				1834CB642E1BC91B00D2036C /* REToolHandle.h */,
				1834CB652E1BC91B00D2036C /* REToolHandle.m */,
				1891786D2EE97AF400B88A94 /* RERequest.h */,
				1891786E2EE97AF400B88A94 /* RERequest.m */,
			);
			path = Tool;
			sourceTree = "<group>";
		};
		185ABDF22CB90899003263DA /* BundleRes */ = {
			isa = PBXGroup;
			children = (
				189178542ED081C800B88A94 /* icon_property_checked.png */,
				189178552ED081C800B88A94 /* icon_property_normal.png */,
				189178562ED081C800B88A94 /* icon_tree_checked.png */,
				189178572ED081C800B88A94 /* icon_tree_normal.png */,
				187D33032CD2103C005DA0F5 /* icon_blue_logo.png */,
				187D33022CD2103C005DA0F5 /* icon_blue_logo@2x.png */,
				187D33012CD2103C005DA0F5 /* icon_blue_logo@3x.png */,
				181C34A62CD0E2A900259672 /* icon_back.png */,
				181C34AB2CD0E2A900259672 /* icon_back@2x.png */,
				181C34AC2CD0E2A900259672 /* icon_back@3x.png */,
				181C34A72CD0E2A900259672 /* icon_logo.png */,
				181C34A82CD0E2A900259672 /* icon_logo@2x.png */,
				181C34A52CD0E2A900259672 /* icon_logo@3x.png */,
				181C34A92CD0E2A900259672 /* icon_qrCode.png */,
				181C34AA2CD0E2A900259672 /* icon_qrCode@2x.png */,
				181C34AD2CD0E2A900259672 /* icon_qrCode@3x.png */,
				185ABDF72CB9091F003263DA /* icon_back_circle.png */,
				185ABDF42CB9091F003263DA /* icon_back_circle@2x.png */,
				185ABDF32CB9091F003263DA /* icon_back_circle@3x.png */,
				185ABDF52CB9091F003263DA /* loading.gif */,
				185ABDF62CB9091F003263DA /* RELoadingView.xib */,
				1851FC892CD074C400583FD8 /* RENav.xib */,
				187D32FC2CD1DB3F005DA0F5 /* REQRCode.xib */,
				189178512ED01AEF00B88A94 /* REBtnPlane.xib */,
			);
			path = BundleRes;
			sourceTree = "<group>";
		};
		18DCFBE92C804B6D005BC93F = {
			isa = PBXGroup;
			children = (
				18DCFBF52C804B6D005BC93F /* REUniPluginModule */,
				18DCFBF42C804B6D005BC93F /* Products */,
				18DCFEE82C80541A005BC93F /* Frameworks */,
			);
			sourceTree = "<group>";
		};
		18DCFBF42C804B6D005BC93F /* Products */ = {
			isa = PBXGroup;
			children = (
				18DCFBF32C804B6D005BC93F /* REUniPluginModule.framework */,
				185ABDD22CB90533003263DA /* REUniPluginModuleRes.bundle */,
			);
			name = Products;
			sourceTree = "<group>";
		};
		18DCFBF52C804B6D005BC93F /* REUniPluginModule */ = {
			isa = PBXGroup;
			children = (
				1834CB632E1BC8FF00D2036C /* Tool */,
				18EB945D2DF14A6E009DCFBD /* AppUI */,
				18EB945C2DF14A17009DCFBD /* UniClass */,
				18CF16CC2CD47A3C00F57EE7 /* ModuleRes-Info.plist */,
				18CF16CA2CD4780500F57EE7 /* Module-Info.plist */,
				185ABDF22CB90899003263DA /* BundleRes */,
				18DCFEBF2C80536A005BC93F /* YYModel */,
				18DCFEB62C80536A005BC93F /* Masonry */,
				18DCFEC02C80536A005BC93F /* REEngineVC.h */,
				18DCFEB72C80536A005BC93F /* REEngineVC.m */,
				18DCFE9B2C80536A005BC93F /* REModule.h */,
				18DCFEC12C80536A005BC93F /* REModule.m */,
				18DCFE9C2C80536A005BC93F /* RERenderComponent.h */,
				18DCFEB82C80536A005BC93F /* RERenderComponent.m */,
				185ABDFF2CBA7BCB003263DA /* REUniPluginModulePrefix.pch */,
			);
			path = REUniPluginModule;
			sourceTree = "<group>";
		};
		18DCFEB62C80536A005BC93F /* Masonry */ = {
			isa = PBXGroup;
			children = (
				18DCFE9D2C80536A005BC93F /* MASCompositeConstraint.h */,
				18DCFE9E2C80536A005BC93F /* MASCompositeConstraint.m */,
				18DCFE9F2C80536A005BC93F /* MASConstraint.h */,
				18DCFEA02C80536A005BC93F /* MASConstraint.m */,
				18DCFEA12C80536A005BC93F /* MASConstraint+Private.h */,
				18DCFEA22C80536A005BC93F /* MASConstraintMaker.h */,
				18DCFEA32C80536A005BC93F /* MASConstraintMaker.m */,
				18DCFEA42C80536A005BC93F /* MASLayoutConstraint.h */,
				18DCFEA52C80536A005BC93F /* MASLayoutConstraint.m */,
				18DCFEA62C80536A005BC93F /* Masonry.h */,
				18DCFEA72C80536A005BC93F /* MASUtilities.h */,
				18DCFEA82C80536A005BC93F /* MASViewAttribute.h */,
				18DCFEA92C80536A005BC93F /* MASViewAttribute.m */,
				18DCFEAA2C80536A005BC93F /* MASViewConstraint.h */,
				18DCFEAB2C80536A005BC93F /* MASViewConstraint.m */,
				18DCFEAC2C80536A005BC93F /* NSArray+MASAdditions.h */,
				18DCFEAD2C80536A005BC93F /* NSArray+MASAdditions.m */,
				18DCFEAE2C80536A005BC93F /* NSArray+MASShorthandAdditions.h */,
				18DCFEAF2C80536A005BC93F /* NSLayoutConstraint+MASDebugAdditions.h */,
				18DCFEB02C80536A005BC93F /* NSLayoutConstraint+MASDebugAdditions.m */,
				18DCFEB12C80536A005BC93F /* View+MASAdditions.h */,
				18DCFEB22C80536A005BC93F /* View+MASAdditions.m */,
				18DCFEB32C80536A005BC93F /* View+MASShorthandAdditions.h */,
				18DCFEB42C80536A005BC93F /* ViewController+MASAdditions.h */,
				18DCFEB52C80536A005BC93F /* ViewController+MASAdditions.m */,
			);
			path = Masonry;
			sourceTree = "<group>";
		};
		18DCFEBF2C80536A005BC93F /* YYModel */ = {
			isa = PBXGroup;
			children = (
				18DCFEBA2C80536A005BC93F /* NSObject+YYModel.h */,
				18DCFEBB2C80536A005BC93F /* NSObject+YYModel.m */,
				18DCFEBC2C80536A005BC93F /* YYClassInfo.h */,
				18DCFEBD2C80536A005BC93F /* YYClassInfo.m */,
				18DCFEBE2C80536A005BC93F /* YYModel.h */,
			);
			path = YYModel;
			sourceTree = "<group>";
		};
		18DCFEE82C80541A005BC93F /* Frameworks */ = {
			isa = PBXGroup;
			children = (
				18FF45EF2F15FB490080F5CC /* libiconv.tbd */,
				18FF45ED2F15FB420080F5CC /* AudioToolbox.framework */,
				18FF45EB2F15FB3B0080F5CC /* AVFoundation.framework */,
				18FF45E92F15FB340080F5CC /* CoreBluetooth.framework */,
				18FF45E72F15FB2E0080F5CC /* CoreFoundation.framework */,
				18FF45E52F15FB280080F5CC /* CoreGraphics.framework */,
				18FF45E32F15FB210080F5CC /* CoreHaptics.framework */,
				18FF45E12F15FB1B0080F5CC /* CoreMotion.framework */,
				18FF45DF2F15FB130080F5CC /* CoreTelephony.framework */,
				18FF45DD2F15FB080080F5CC /* CoreVideo.framework */,
				18FF45DB2F15FB010080F5CC /* Foundation.framework */,
				18FF45D92F15FAF50080F5CC /* GameController.framework */,
				18FF45D72F15FAED0080F5CC /* Metal.framework */,
				18FF45D52F15FAE10080F5CC /* QuartzCore.framework */,
				18FF45D32F15FAD90080F5CC /* Security.framework */,
				18FF45D12F15FAD10080F5CC /* UIKit.framework */,
				18FF45CF2F15FAC80080F5CC /* IOKit.framework */,
				18FF45CD2F15FABD0080F5CC /* IOSurface.framework */,
				18FF45CB2F15FAA90080F5CC /* CoreImage.framework */,
				18FF45C92F15FA900080F5CC /* CoreAudio.framework */,
				18FF45C32F15F7290080F5CC /* CoreAudioTypes.framework */,
				18EB946C2DF29E7A009DCFBD /* WebKit.framework */,
				18DCFF072C8054D3005BC93F /* OpenGLES.framework */,
				18DCFEE92C80541A005BC93F /* libBlackHole3DIOS.a */,
			);
			name = Frameworks;
			sourceTree = "<group>";
		};
		18EB945C2DF14A17009DCFBD /* UniClass */ = {
			isa = PBXGroup;
			children = (
				18EB94642DF14D59009DCFBD /* REUniClass.h */,
				18DCFF242C8060DA005BC93F /* REDataSetUniData.h */,
				18DCFF252C8060DA005BC93F /* REDataSetUniData.m */,
				18EB945E2DF14B3A009DCFBD /* REEntityUniData.h */,
				18EB945F2DF14B3A009DCFBD /* REEntityUniData.m */,
				1834CAF82E13902400D2036C /* REWaterUniData.h */,
				1834CAF92E13902400D2036C /* REWaterUniData.m */,
				1834CAFC2E13939100D2036C /* REExtrudeUniData.h */,
				1834CAFD2E13939100D2036C /* REExtrudeUniData.m */,
				1834CB532E1BB1E000D2036C /* RESceneUniData.h */,
				1834CB542E1BB1E000D2036C /* RESceneUniData.m */,
				1834CB572E1BB29700D2036C /* RECamInfoUniData.h */,
				1834CB582E1BB29700D2036C /* RECamInfoUniData.m */,
				1834CB5B2E1BBF0800D2036C /* REModelUniData.h */,
				1834CB5C2E1BBF0800D2036C /* REModelUniData.m */,
				1834CB5F2E1BC02700D2036C /* REToolData.h */,
				1834CB602E1BC02700D2036C /* REToolData.m */,
				189178452ECEC7AD00B88A94 /* REWebPopData.h */,
				189178462ECEC7AD00B88A94 /* REWebPopData.m */,
				189178492ECF010400B88A94 /* REBridgeData.h */,
				1891784A2ECF010400B88A94 /* REBridgeData.m */,
				189178602ED5B42700B88A94 /* REExtrudeTexUniData.h */,
				189178612ED5B42700B88A94 /* REExtrudeTexUniData.m */,
				189178642EDDA07600B88A94 /* REUrlUniData.h */,
				189178652EDDA07600B88A94 /* REUrlUniData.m */,
				189178692EE914CE00B88A94 /* REAuthorUniData.h */,
				1891786A2EE914CE00B88A94 /* REAuthorUniData.m */,
			);
			path = UniClass;
			sourceTree = "<group>";
		};
		18EB945D2DF14A6E009DCFBD /* AppUI */ = {
			isa = PBXGroup;
			children = (
				1834CB4F2E1BAFCD00D2036C /* REAppUIClass.h */,
				1834CB4B2E1BAF7500D2036C /* REWebViewManager.h */,
				1834CB4C2E1BAF7500D2036C /* REWebViewManager.m */,
				187D32F62CD1DA72005DA0F5 /* REQRCode.h */,
				187D32F72CD1DA72005DA0F5 /* REQRCode.m */,
				185ABDB82CB781D5003263DA /* RELoadingView.h */,
				185ABDB92CB781D5003263DA /* RELoadingView.m */,
				1851FC812CC8E7B200583FD8 /* RETip.h */,
				1851FC822CC8E7B200583FD8 /* RETip.m */,
				1851FC852CD0748300583FD8 /* RENav.h */,
				1851FC862CD0748300583FD8 /* RENav.m */,
				18DCFE9A2C80536A005BC93F /* RETestView.h */,
				18DCFEB92C80536A005BC93F /* RETestView.m */,
				1891784D2ED01ADD00B88A94 /* REBtnPlane.h */,
				1891784E2ED01ADD00B88A94 /* REBtnPlane.m */,
			);
			path = AppUI;
			sourceTree = "<group>";
		};
/* End PBXGroup section */

/* Begin PBXHeadersBuildPhase section */
		18DCFBEE2C804B6D005BC93F /* Headers */ = {
			isa = PBXHeadersBuildPhase;
			buildActionMask = 2147483647;
			files = (
				18DCFEE62C80536A005BC93F /* REEngineVC.h in Headers */,
				18DCFEDB2C80536A005BC93F /* View+MASShorthandAdditions.h in Headers */,
				18DCFEC22C80536A005BC93F /* RETestView.h in Headers */,
				18DCFEC32C80536A005BC93F /* REModule.h in Headers */,
				185ABE002CBA7BCB003263DA /* REUniPluginModulePrefix.pch in Headers */,
				1891786C2EE914CE00B88A94 /* REAuthorUniData.h in Headers */,
				1834CB502E1BAFCD00D2036C /* REAppUIClass.h in Headers */,
				187D32F92CD1DA72005DA0F5 /* REQRCode.h in Headers */,
				1834CAFB2E13902400D2036C /* REWaterUniData.h in Headers */,
				18DCFEE32C80536A005BC93F /* YYClassInfo.h in Headers */,
				18DCFEC42C80536A005BC93F /* RERenderComponent.h in Headers */,
				185ABDBB2CB781D5003263DA /* RELoadingView.h in Headers */,
				18DCFED02C80536A005BC93F /* MASViewAttribute.h in Headers */,
				18DCFECA2C80536A005BC93F /* MASConstraintMaker.h in Headers */,
				18DCFEC92C80536A005BC93F /* MASConstraint+Private.h in Headers */,
				18EB94602DF14B3A009DCFBD /* REEntityUniData.h in Headers */,
				1834CAFF2E13939100D2036C /* REExtrudeUniData.h in Headers */,
				1834CB562E1BB1E000D2036C /* RESceneUniData.h in Headers */,
				1891784F2ED01ADD00B88A94 /* REBtnPlane.h in Headers */,
				1834CB5E2E1BBF0800D2036C /* REModelUniData.h in Headers */,
				18DCFF262C8060DA005BC93F /* REDataSetUniData.h in Headers */,
				189178672EDDA07600B88A94 /* REUrlUniData.h in Headers */,
				1834CB5A2E1BB29700D2036C /* RECamInfoUniData.h in Headers */,
				1834CB672E1BC91B00D2036C /* REToolHandle.h in Headers */,
				18DCFED22C80536A005BC93F /* MASViewConstraint.h in Headers */,
				18DCFEC52C80536A005BC93F /* MASCompositeConstraint.h in Headers */,
				1851FC842CC8E7B200583FD8 /* RETip.h in Headers */,
				189178622ED5B42700B88A94 /* REExtrudeTexUniData.h in Headers */,
				1851FC882CD0748300583FD8 /* RENav.h in Headers */,
				18DCFEE12C80536A005BC93F /* NSObject+YYModel.h in Headers */,
				189178482ECEC7AD00B88A94 /* REWebPopData.h in Headers */,
				18DCFEC72C80536A005BC93F /* MASConstraint.h in Headers */,
				18DCFECE2C80536A005BC93F /* Masonry.h in Headers */,
				18EB94652DF14D59009DCFBD /* REUniClass.h in Headers */,
				18DCFEDC2C80536A005BC93F /* ViewController+MASAdditions.h in Headers */,
				189178702EE97AF400B88A94 /* RERequest.h in Headers */,
				1834CB622E1BC02700D2036C /* REToolData.h in Headers */,
				18DCFEE52C80536A005BC93F /* YYModel.h in Headers */,
				189178722EE97FC100B88A94 /* REToolClass.h in Headers */,
				18DCFECC2C80536A005BC93F /* MASLayoutConstraint.h in Headers */,
				18DCFECF2C80536A005BC93F /* MASUtilities.h in Headers */,
				1891784B2ECF010400B88A94 /* REBridgeData.h in Headers */,
				18DCFED42C80536A005BC93F /* NSArray+MASAdditions.h in Headers */,
				18DCFED72C80536A005BC93F /* NSLayoutConstraint+MASDebugAdditions.h in Headers */,
				1834CB4E2E1BAF7500D2036C /* REWebViewManager.h in Headers */,
				18DCFED62C80536A005BC93F /* NSArray+MASShorthandAdditions.h in Headers */,
				18DCFED92C80536A005BC93F /* View+MASAdditions.h in Headers */,
			);
			runOnlyForDeploymentPostprocessing = 0;
		};
/* End PBXHeadersBuildPhase section */

/* Begin PBXNativeTarget section */
		185ABDD12CB90533003263DA /* REUniPluginModuleRes */ = {
			isa = PBXNativeTarget;
			buildConfigurationList = 185ABDD32CB90533003263DA /* Build configuration list for PBXNativeTarget "REUniPluginModuleRes" */;
			buildPhases = (
				185ABDCE2CB90533003263DA /* Sources */,
				185ABDCF2CB90533003263DA /* Frameworks */,
				185ABDD02CB90533003263DA /* Resources */,
			);
			buildRules = (
			);
			dependencies = (
			);
			name = REUniPluginModuleRes;
			productName = REUniPluginModuleRes;
			productReference = 185ABDD22CB90533003263DA /* REUniPluginModuleRes.bundle */;
			productType = "com.apple.product-type.bundle";
		};
		18DCFBF22C804B6D005BC93F /* REUniPluginModule */ = {
			isa = PBXNativeTarget;
			buildConfigurationList = 18DCFBFA2C804B6D005BC93F /* Build configuration list for PBXNativeTarget "REUniPluginModule" */;
			buildPhases = (
				18DCFBEE2C804B6D005BC93F /* Headers */,
				18DCFBEF2C804B6D005BC93F /* Sources */,
				18DCFBF02C804B6D005BC93F /* Frameworks */,
				18DCFBF12C804B6D005BC93F /* Resources */,
			);
			buildRules = (
			);
			dependencies = (
				185ABDF12CB906F7003263DA /* PBXTargetDependency */,
			);
			name = REUniPluginModule;
			productName = REUniPluginModule;
			productReference = 18DCFBF32C804B6D005BC93F /* REUniPluginModule.framework */;
			productType = "com.apple.product-type.framework";
		};
/* End PBXNativeTarget section */

/* Begin PBXProject section */
		18DCFBEA2C804B6D005BC93F /* Project object */ = {
			isa = PBXProject;
			attributes = {
				BuildIndependentTargetsInParallel = 1;
				LastUpgradeCheck = 1540;
				TargetAttributes = {
					185ABDD12CB90533003263DA = {
						CreatedOnToolsVersion = 15.4;
					};
					18DCFBF22C804B6D005BC93F = {
						CreatedOnToolsVersion = 15.4;
					};
				};
			};
			buildConfigurationList = 18DCFBED2C804B6D005BC93F /* Build configuration list for PBXProject "REUniPluginModule" */;
			compatibilityVersion = "Xcode 14.0";
			developmentRegion = en;
			hasScannedForEncodings = 0;
			knownRegions = (
				en,
				Base,
			);
			mainGroup = 18DCFBE92C804B6D005BC93F;
			productRefGroup = 18DCFBF42C804B6D005BC93F /* Products */;
			projectDirPath = "";
			projectRoot = "";
			targets = (
				18DCFBF22C804B6D005BC93F /* REUniPluginModule */,
				185ABDD12CB90533003263DA /* REUniPluginModuleRes */,
			);
		};
/* End PBXProject section */

/* Begin PBXResourcesBuildPhase section */
		185ABDD02CB90533003263DA /* Resources */ = {
			isa = PBXResourcesBuildPhase;
			buildActionMask = 2147483647;
			files = (
				187D32FE2CD1DD5A005DA0F5 /* REQRCode.xib in Resources */,
				181C34AE2CD0E2A900259672 /* icon_logo@3x.png in Resources */,
				189178522ED01AEF00B88A94 /* REBtnPlane.xib in Resources */,
				181C34AF2CD0E2A900259672 /* icon_back.png in Resources */,
				181C34B22CD0E2A900259672 /* icon_qrCode.png in Resources */,
				1851FC8B2CD0773D00583FD8 /* RENav.xib in Resources */,
				1891785C2ED081C800B88A94 /* icon_property_checked.png in Resources */,
				1891785D2ED081C800B88A94 /* icon_property_normal.png in Resources */,
				1891785E2ED081C800B88A94 /* icon_tree_normal.png in Resources */,
				1891785F2ED081C800B88A94 /* icon_tree_checked.png in Resources */,
				181C34B42CD0E2A900259672 /* icon_back@2x.png in Resources */,
				181C34B52CD0E2A900259672 /* icon_back@3x.png in Resources */,
				181C34B62CD0E2A900259672 /* icon_qrCode@3x.png in Resources */,
				185ABDFA2CB9091F003263DA /* loading.gif in Resources */,
				181C34B32CD0E2A900259672 /* icon_qrCode@2x.png in Resources */,
				187D33042CD2103D005DA0F5 /* icon_blue_logo@3x.png in Resources */,
				18CF16CD2CD47A3D00F57EE7 /* ModuleRes-Info.plist in Resources */,
				185ABDF92CB9091F003263DA /* icon_back_circle@2x.png in Resources */,
				185ABDFC2CB9091F003263DA /* icon_back_circle.png in Resources */,
				185ABDFB2CB9091F003263DA /* RELoadingView.xib in Resources */,
				187D33052CD2103D005DA0F5 /* icon_blue_logo@2x.png in Resources */,
				181C34B02CD0E2A900259672 /* icon_logo.png in Resources */,
				187D33062CD2103D005DA0F5 /* icon_blue_logo.png in Resources */,
				181C34B12CD0E2A900259672 /* icon_logo@2x.png in Resources */,
				185ABDF82CB9091F003263DA /* icon_back_circle@3x.png in Resources */,
			);
			runOnlyForDeploymentPostprocessing = 0;
		};
		18DCFBF12C804B6D005BC93F /* Resources */ = {
			isa = PBXResourcesBuildPhase;
			buildActionMask = 2147483647;
			files = (
				18CF16CB2CD4780500F57EE7 /* Module-Info.plist in Resources */,
			);
			runOnlyForDeploymentPostprocessing = 0;
		};
/* End PBXResourcesBuildPhase section */

/* Begin PBXSourcesBuildPhase section */
		185ABDCE2CB90533003263DA /* Sources */ = {
			isa = PBXSourcesBuildPhase;
			buildActionMask = 2147483647;
			files = (
			);
			runOnlyForDeploymentPostprocessing = 0;
		};
		18DCFBEF2C804B6D005BC93F /* Sources */ = {
			isa = PBXSourcesBuildPhase;
			buildActionMask = 2147483647;
			files = (
				18DCFED52C80536A005BC93F /* NSArray+MASAdditions.m in Sources */,
				18DCFF272C8060DA005BC93F /* REDataSetUniData.m in Sources */,
				1851FC872CD0748300583FD8 /* RENav.m in Sources */,
				1834CB552E1BB1E000D2036C /* RESceneUniData.m in Sources */,
				185ABDBA2CB781D5003263DA /* RELoadingView.m in Sources */,
				18DCFED12C80536A005BC93F /* MASViewAttribute.m in Sources */,
				18DCFEE72C80536A005BC93F /* REModule.m in Sources */,
				1891784C2ECF010400B88A94 /* REBridgeData.m in Sources */,
				1891786B2EE914CE00B88A94 /* REAuthorUniData.m in Sources */,
				18DCFEDE2C80536A005BC93F /* REEngineVC.m in Sources */,
				18DCFEE02C80536A005BC93F /* RETestView.m in Sources */,
				1834CB612E1BC02700D2036C /* REToolData.m in Sources */,
				189178632ED5B42700B88A94 /* REExtrudeTexUniData.m in Sources */,
				1834CAFE2E13939100D2036C /* REExtrudeUniData.m in Sources */,
				18DCFECD2C80536A005BC93F /* MASLayoutConstraint.m in Sources */,
				18DCFEC82C80536A005BC93F /* MASConstraint.m in Sources */,
				1851FC832CC8E7B200583FD8 /* RETip.m in Sources */,
				18DCFED32C80536A005BC93F /* MASViewConstraint.m in Sources */,
				18EB94612DF14B3A009DCFBD /* REEntityUniData.m in Sources */,
				18DCFEC62C80536A005BC93F /* MASCompositeConstraint.m in Sources */,
				1834CB4D2E1BAF7500D2036C /* REWebViewManager.m in Sources */,
				187D32F82CD1DA72005DA0F5 /* REQRCode.m in Sources */,
				18DCFEDD2C80536A005BC93F /* ViewController+MASAdditions.m in Sources */,
				189178502ED01ADD00B88A94 /* REBtnPlane.m in Sources */,
				189178662EDDA07600B88A94 /* REUrlUniData.m in Sources */,
				18DCFEE22C80536A005BC93F /* NSObject+YYModel.m in Sources */,
				18DCFEDF2C80536A005BC93F /* RERenderComponent.m in Sources */,
				1834CAFA2E13902400D2036C /* REWaterUniData.m in Sources */,
				1834CB5D2E1BBF0800D2036C /* REModelUniData.m in Sources */,
				1834CB592E1BB29700D2036C /* RECamInfoUniData.m in Sources */,
				18DCFECB2C80536A005BC93F /* MASConstraintMaker.m in Sources */,
				1891786F2EE97AF400B88A94 /* RERequest.m in Sources */,
				18DCFED82C80536A005BC93F /* NSLayoutConstraint+MASDebugAdditions.m in Sources */,
				189178472ECEC7AD00B88A94 /* REWebPopData.m in Sources */,
				18DCFEE42C80536A005BC93F /* YYClassInfo.m in Sources */,
				1834CB662E1BC91B00D2036C /* REToolHandle.m in Sources */,
				18DCFEDA2C80536A005BC93F /* View+MASAdditions.m in Sources */,
			);
			runOnlyForDeploymentPostprocessing = 0;
		};
/* End PBXSourcesBuildPhase section */

/* Begin PBXTargetDependency section */
		185ABDF12CB906F7003263DA /* PBXTargetDependency */ = {
			isa = PBXTargetDependency;
			target = 185ABDD12CB90533003263DA /* REUniPluginModuleRes */;
			targetProxy = 185ABDF02CB906F7003263DA /* PBXContainerItemProxy */;
		};
/* End PBXTargetDependency section */

/* Begin XCBuildConfiguration section */
		185ABDD42CB90533003263DA /* Debug */ = {
			isa = XCBuildConfiguration;
			buildSettings = {
				CODE_SIGN_STYLE = Automatic;
				COMBINE_HIDPI_IMAGES = NO;
				CURRENT_PROJECT_VERSION = 1;
				DEVELOPMENT_TEAM = RGUJSJASMG;
				GENERATE_INFOPLIST_FILE = NO;
				INFOPLIST_FILE = "REUniPluginModule/ModuleRes-Info.plist";
				INFOPLIST_KEY_NSHumanReadableCopyright = "";
				INFOPLIST_KEY_NSPrincipalClass = "";
				INSTALL_PATH = "$(LOCAL_LIBRARY_DIR)/Bundles";
				MACH_O_TYPE = mh_bundle;
				MACOSX_DEPLOYMENT_TARGET = 13.0;
				MARKETING_VERSION = 1.0;
				PRODUCT_BUNDLE_IDENTIFIER = Lemon.REUniPluginModuleRes;
				PRODUCT_NAME = "$(TARGET_NAME)";
				SDKROOT = iphoneos;
				SKIP_INSTALL = YES;
				SUPPORTS_MACCATALYST = NO;
				SWIFT_EMIT_LOC_STRINGS = YES;
				TARGETED_DEVICE_FAMILY = "1,2";
				VERSIONING_SYSTEM = "";
				WRAPPER_EXTENSION = bundle;
			};
			name = Debug;
		};
		185ABDD52CB90533003263DA /* Release */ = {
			isa = XCBuildConfiguration;
			buildSettings = {
				CODE_SIGN_STYLE = Automatic;
				COMBINE_HIDPI_IMAGES = NO;
				CURRENT_PROJECT_VERSION = 1;
				DEVELOPMENT_TEAM = RGUJSJASMG;
				GENERATE_INFOPLIST_FILE = NO;
				INFOPLIST_FILE = "REUniPluginModule/ModuleRes-Info.plist";
				INFOPLIST_KEY_NSHumanReadableCopyright = "";
				INFOPLIST_KEY_NSPrincipalClass = "";
				INSTALL_PATH = "$(LOCAL_LIBRARY_DIR)/Bundles";
				MACH_O_TYPE = mh_bundle;
				MACOSX_DEPLOYMENT_TARGET = 13.0;
				MARKETING_VERSION = 1.0;
				PRODUCT_BUNDLE_IDENTIFIER = Lemon.REUniPluginModuleRes;
				PRODUCT_NAME = "$(TARGET_NAME)";
				SDKROOT = iphoneos;
				SKIP_INSTALL = YES;
				SUPPORTS_MACCATALYST = NO;
				SWIFT_EMIT_LOC_STRINGS = YES;
				TARGETED_DEVICE_FAMILY = "1,2";
				VERSIONING_SYSTEM = "";
				WRAPPER_EXTENSION = bundle;
			};
			name = Release;
		};
		18DCFBF82C804B6D005BC93F /* Debug */ = {
			isa = XCBuildConfiguration;
			buildSettings = {
				ALWAYS_SEARCH_USER_PATHS = NO;
				ASSETCATALOG_COMPILER_GENERATE_SWIFT_ASSET_SYMBOL_EXTENSIONS = YES;
				CLANG_ANALYZER_NONNULL = YES;
				CLANG_ANALYZER_NUMBER_OBJECT_CONVERSION = YES_AGGRESSIVE;
				CLANG_CXX_LANGUAGE_STANDARD = "gnu++20";
				CLANG_ENABLE_MODULES = YES;
				CLANG_ENABLE_OBJC_ARC = YES;
				CLANG_ENABLE_OBJC_WEAK = YES;
				CLANG_WARN_BLOCK_CAPTURE_AUTORELEASING = YES;
				CLANG_WARN_BOOL_CONVERSION = YES;
				CLANG_WARN_COMMA = YES;
				CLANG_WARN_CONSTANT_CONVERSION = YES;
				CLANG_WARN_DEPRECATED_OBJC_IMPLEMENTATIONS = YES;
				CLANG_WARN_DIRECT_OBJC_ISA_USAGE = YES_ERROR;
				CLANG_WARN_DOCUMENTATION_COMMENTS = YES;
				CLANG_WARN_EMPTY_BODY = YES;
				CLANG_WARN_ENUM_CONVERSION = YES;
				CLANG_WARN_INFINITE_RECURSION = YES;
				CLANG_WARN_INT_CONVERSION = YES;
				CLANG_WARN_NON_LITERAL_NULL_CONVERSION = YES;
				CLANG_WARN_OBJC_IMPLICIT_RETAIN_SELF = YES;
				CLANG_WARN_OBJC_LITERAL_CONVERSION = YES;
				CLANG_WARN_OBJC_ROOT_CLASS = YES_ERROR;
				CLANG_WARN_QUOTED_INCLUDE_IN_FRAMEWORK_HEADER = YES;
				CLANG_WARN_RANGE_LOOP_ANALYSIS = YES;
				CLANG_WARN_STRICT_PROTOTYPES = YES;
				CLANG_WARN_SUSPICIOUS_MOVE = YES;
				CLANG_WARN_UNGUARDED_AVAILABILITY = YES_AGGRESSIVE;
				CLANG_WARN_UNREACHABLE_CODE = YES;
				CLANG_WARN__DUPLICATE_METHOD_MATCH = YES;
				COPY_PHASE_STRIP = NO;
				CURRENT_PROJECT_VERSION = 1;
				DEBUG_INFORMATION_FORMAT = dwarf;
				ENABLE_STRICT_OBJC_MSGSEND = YES;
				ENABLE_TESTABILITY = YES;
				ENABLE_USER_SCRIPT_SANDBOXING = YES;
				GCC_C_LANGUAGE_STANDARD = gnu17;
				GCC_DYNAMIC_NO_PIC = NO;
				GCC_NO_COMMON_BLOCKS = YES;
				GCC_OPTIMIZATION_LEVEL = 0;
				GCC_PREPROCESSOR_DEFINITIONS = (
					"DEBUG=1",
					"$(inherited)",
				);
				GCC_WARN_64_TO_32_BIT_CONVERSION = YES;
				GCC_WARN_ABOUT_RETURN_TYPE = YES_ERROR;
				GCC_WARN_UNDECLARED_SELECTOR = YES;
				GCC_WARN_UNINITIALIZED_AUTOS = YES_AGGRESSIVE;
				GCC_WARN_UNUSED_FUNCTION = YES;
				GCC_WARN_UNUSED_VARIABLE = YES;
				IPHONEOS_DEPLOYMENT_TARGET = 13.0;
				LOCALIZATION_PREFERS_STRING_CATALOGS = YES;
				MTL_ENABLE_DEBUG_INFO = INCLUDE_SOURCE;
				MTL_FAST_MATH = YES;
				ONLY_ACTIVE_ARCH = YES;
				SDKROOT = iphoneos;
				VERSIONING_SYSTEM = "apple-generic";
				VERSION_INFO_PREFIX = "";
			};
			name = Debug;
		};
		18DCFBF92C804B6D005BC93F /* Release */ = {
			isa = XCBuildConfiguration;
			buildSettings = {
				ALWAYS_SEARCH_USER_PATHS = NO;
				ASSETCATALOG_COMPILER_GENERATE_SWIFT_ASSET_SYMBOL_EXTENSIONS = YES;
				CLANG_ANALYZER_NONNULL = YES;
				CLANG_ANALYZER_NUMBER_OBJECT_CONVERSION = YES_AGGRESSIVE;
				CLANG_CXX_LANGUAGE_STANDARD = "gnu++20";
				CLANG_ENABLE_MODULES = YES;
				CLANG_ENABLE_OBJC_ARC = YES;
				CLANG_ENABLE_OBJC_WEAK = YES;
				CLANG_WARN_BLOCK_CAPTURE_AUTORELEASING = YES;
				CLANG_WARN_BOOL_CONVERSION = YES;
				CLANG_WARN_COMMA = YES;
				CLANG_WARN_CONSTANT_CONVERSION = YES;
				CLANG_WARN_DEPRECATED_OBJC_IMPLEMENTATIONS = YES;
				CLANG_WARN_DIRECT_OBJC_ISA_USAGE = YES_ERROR;
				CLANG_WARN_DOCUMENTATION_COMMENTS = YES;
				CLANG_WARN_EMPTY_BODY = YES;
				CLANG_WARN_ENUM_CONVERSION = YES;
				CLANG_WARN_INFINITE_RECURSION = YES;
				CLANG_WARN_INT_CONVERSION = YES;
				CLANG_WARN_NON_LITERAL_NULL_CONVERSION = YES;
				CLANG_WARN_OBJC_IMPLICIT_RETAIN_SELF = YES;
				CLANG_WARN_OBJC_LITERAL_CONVERSION = YES;
				CLANG_WARN_OBJC_ROOT_CLASS = YES_ERROR;
				CLANG_WARN_QUOTED_INCLUDE_IN_FRAMEWORK_HEADER = YES;
				CLANG_WARN_RANGE_LOOP_ANALYSIS = YES;
				CLANG_WARN_STRICT_PROTOTYPES = YES;
				CLANG_WARN_SUSPICIOUS_MOVE = YES;
				CLANG_WARN_UNGUARDED_AVAILABILITY = YES_AGGRESSIVE;
				CLANG_WARN_UNREACHABLE_CODE = YES;
				CLANG_WARN__DUPLICATE_METHOD_MATCH = YES;
				COPY_PHASE_STRIP = NO;
				CURRENT_PROJECT_VERSION = 1;
				DEBUG_INFORMATION_FORMAT = "dwarf-with-dsym";
				ENABLE_NS_ASSERTIONS = NO;
				ENABLE_STRICT_OBJC_MSGSEND = YES;
				ENABLE_USER_SCRIPT_SANDBOXING = YES;
				GCC_C_LANGUAGE_STANDARD = gnu17;
				GCC_NO_COMMON_BLOCKS = YES;
				GCC_WARN_64_TO_32_BIT_CONVERSION = YES;
				GCC_WARN_ABOUT_RETURN_TYPE = YES_ERROR;
				GCC_WARN_UNDECLARED_SELECTOR = YES;
				GCC_WARN_UNINITIALIZED_AUTOS = YES_AGGRESSIVE;
				GCC_WARN_UNUSED_FUNCTION = YES;
				GCC_WARN_UNUSED_VARIABLE = YES;
				IPHONEOS_DEPLOYMENT_TARGET = 13.0;
				LOCALIZATION_PREFERS_STRING_CATALOGS = YES;
				MTL_ENABLE_DEBUG_INFO = NO;
				MTL_FAST_MATH = YES;
				SDKROOT = iphoneos;
				VALIDATE_PRODUCT = YES;
				VERSIONING_SYSTEM = "apple-generic";
				VERSION_INFO_PREFIX = "";
			};
			name = Release;
		};
		18DCFBFB2C804B6D005BC93F /* Debug */ = {
			isa = XCBuildConfiguration;
			buildSettings = {
				ARCHS = "$(ARCHS_STANDARD)";
				CLANG_CXX_LANGUAGE_STANDARD = "gnu++17";
				CODE_SIGN_STYLE = Automatic;
				CURRENT_PROJECT_VERSION = 1;
				DEFINES_MODULE = YES;
				DEVELOPMENT_TEAM = RGUJSJASMG;
				DYLIB_COMPATIBILITY_VERSION = 1;
				DYLIB_CURRENT_VERSION = 1;
				DYLIB_INSTALL_NAME_BASE = "@rpath";
				ENABLE_MODULE_VERIFIER = YES;
				ENABLE_ON_DEMAND_RESOURCES = NO;
				FRAMEWORK_SEARCH_PATHS = "\"$(SRCROOT)/../../../RealBIMEngineTestSDKDemo/RealBIMIOSEngineSDK/lib\"";
				GCC_PRECOMPILE_PREFIX_HEADER = YES;
				GCC_PREFIX_HEADER = /Users/apple/BJWork/uniApp/RESimpleUniApp/REUniPluginModule/REUniPluginModule/REUniPluginModulePrefix.pch;
				GENERATE_INFOPLIST_FILE = NO;
				HEADER_SEARCH_PATHS = (
					"\"$(SRCROOT)/../SDK/inc\"/**",
					"\"$(SRCROOT)/../../../RealBIMEngineTestSDKDemo/RealBIMIOSEngineSDK/include\"",
					"\"$(SRCROOT)/../../../RealBIMEngineTestSDKDemo/RealBIMIOSEngineSDK/include/SDL/Apple/ios_arm64/include\"",
				);
				INFOPLIST_FILE = "REUniPluginModule/Module-Info.plist";
				INFOPLIST_KEY_NSHumanReadableCopyright = "";
				INFOPLIST_KEY_UISupportedInterfaceOrientations_iPhone = "";
				INSTALL_PATH = "$(LOCAL_LIBRARY_DIR)/Frameworks";
				IPHONEOS_DEPLOYMENT_TARGET = 13.0;
				LD_RUNPATH_SEARCH_PATHS = (
					"$(inherited)",
					"@executable_path/Frameworks",
					"@loader_path/Frameworks",
				);
				LIBRARY_SEARCH_PATHS = "\"$(SRCROOT)/../../../RealBIMEngineTestSDKDemo/RealBIMIOSEngineSDK/lib\"";
				MACH_O_TYPE = staticlib;
				MARKETING_VERSION = 1.0;
				MODULE_VERIFIER_SUPPORTED_LANGUAGES = "objective-c objective-c++";
				MODULE_VERIFIER_SUPPORTED_LANGUAGE_STANDARDS = "gnu17 gnu++20";
				MTL_IGNORE_WARNINGS = YES;
				PRODUCT_BUNDLE_IDENTIFIER = Lemon.REUniPluginModule;
				PRODUCT_NAME = "$(TARGET_NAME:c99extidentifier)";
				SKIP_INSTALL = YES;
				SUPPORTED_PLATFORMS = "iphoneos iphonesimulator";
				SUPPORTS_MACCATALYST = NO;
				SUPPORTS_MAC_DESIGNED_FOR_IPHONE_IPAD = NO;
				SUPPORTS_XR_DESIGNED_FOR_IPHONE_IPAD = NO;
				SWIFT_EMIT_LOC_STRINGS = YES;
				TARGETED_DEVICE_FAMILY = "1,2";
			};
			name = Debug;
		};
		18DCFBFC2C804B6D005BC93F /* Release */ = {
			isa = XCBuildConfiguration;
			buildSettings = {
				ARCHS = "$(ARCHS_STANDARD)";
				CLANG_CXX_LANGUAGE_STANDARD = "gnu++17";
				CODE_SIGN_STYLE = Automatic;
				CURRENT_PROJECT_VERSION = 1;
				DEFINES_MODULE = YES;
				DEVELOPMENT_TEAM = RGUJSJASMG;
				DYLIB_COMPATIBILITY_VERSION = 1;
				DYLIB_CURRENT_VERSION = 1;
				DYLIB_INSTALL_NAME_BASE = "@rpath";
				ENABLE_MODULE_VERIFIER = YES;
				ENABLE_ON_DEMAND_RESOURCES = NO;
				FRAMEWORK_SEARCH_PATHS = "\"$(SRCROOT)/../../../RealBIMEngineTestSDKDemo/RealBIMIOSEngineSDK/lib\"";
				GCC_PRECOMPILE_PREFIX_HEADER = YES;
				GCC_PREFIX_HEADER = /Users/apple/BJWork/uniApp/RESimpleUniApp/REUniPluginModule/REUniPluginModule/REUniPluginModulePrefix.pch;
				GENERATE_INFOPLIST_FILE = NO;
				HEADER_SEARCH_PATHS = (
					"\"$(SRCROOT)/../SDK/inc\"/**",
					"\"$(SRCROOT)/../../../RealBIMEngineTestSDKDemo/RealBIMIOSEngineSDK/include\"",
					"\"$(SRCROOT)/../../../RealBIMEngineTestSDKDemo/RealBIMIOSEngineSDK/include/SDL/Apple/ios_arm64/include\"",
				);
				INFOPLIST_FILE = "REUniPluginModule/Module-Info.plist";
				INFOPLIST_KEY_NSHumanReadableCopyright = "";
				INFOPLIST_KEY_UISupportedInterfaceOrientations_iPhone = "";
				INSTALL_PATH = "$(LOCAL_LIBRARY_DIR)/Frameworks";
				IPHONEOS_DEPLOYMENT_TARGET = 13.0;
				LD_RUNPATH_SEARCH_PATHS = (
					"$(inherited)",
					"@executable_path/Frameworks",
					"@loader_path/Frameworks",
				);
				LIBRARY_SEARCH_PATHS = "\"$(SRCROOT)/../../../RealBIMEngineTestSDKDemo/RealBIMIOSEngineSDK/lib\"";
				MACH_O_TYPE = staticlib;
				MARKETING_VERSION = 1.0;
				MODULE_VERIFIER_SUPPORTED_LANGUAGES = "objective-c objective-c++";
				MODULE_VERIFIER_SUPPORTED_LANGUAGE_STANDARDS = "gnu17 gnu++20";
				MTL_IGNORE_WARNINGS = YES;
				PRODUCT_BUNDLE_IDENTIFIER = Lemon.REUniPluginModule;
				PRODUCT_NAME = "$(TARGET_NAME:c99extidentifier)";
				SKIP_INSTALL = YES;
				SUPPORTED_PLATFORMS = "iphoneos iphonesimulator";
				SUPPORTS_MACCATALYST = NO;
				SUPPORTS_MAC_DESIGNED_FOR_IPHONE_IPAD = NO;
				SUPPORTS_XR_DESIGNED_FOR_IPHONE_IPAD = NO;
				SWIFT_EMIT_LOC_STRINGS = YES;
				TARGETED_DEVICE_FAMILY = "1,2";
			};
			name = Release;
		};
/* End XCBuildConfiguration section */

/* Begin XCConfigurationList section */
		185ABDD32CB90533003263DA /* Build configuration list for PBXNativeTarget "REUniPluginModuleRes" */ = {
			isa = XCConfigurationList;
			buildConfigurations = (
				185ABDD42CB90533003263DA /* Debug */,
				185ABDD52CB90533003263DA /* Release */,
			);
			defaultConfigurationIsVisible = 0;
			defaultConfigurationName = Release;
		};
		18DCFBED2C804B6D005BC93F /* Build configuration list for PBXProject "REUniPluginModule" */ = {
			isa = XCConfigurationList;
			buildConfigurations = (
				18DCFBF82C804B6D005BC93F /* Debug */,
				18DCFBF92C804B6D005BC93F /* Release */,
			);
			defaultConfigurationIsVisible = 0;
			defaultConfigurationName = Release;
		};
		18DCFBFA2C804B6D005BC93F /* Build configuration list for PBXNativeTarget "REUniPluginModule" */ = {
			isa = XCConfigurationList;
			buildConfigurations = (
				18DCFBFB2C804B6D005BC93F /* Debug */,
				18DCFBFC2C804B6D005BC93F /* Release */,
			);
			defaultConfigurationIsVisible = 0;
			defaultConfigurationName = Release;
		};
/* End XCConfigurationList section */
	};
	rootObject = 18DCFBEA2C804B6D005BC93F /* Project object */;
}
